// !$*UTF8*$!
{
	archiveVersion = 1;
	classes = {
	};
	objectVersion = 56;
	objects = {

/* Begin PBXBuildFile section */
		AC87958E2B758A2C00F68707 /* iOSChallengeApp.swift in Sources */ = {isa = PBXBuildFile; fileRef = AC87958D2B758A2C00F68707 /* iOSChallengeApp.swift */; };
		AC8795942B758A2E00F68707 /* Assets.xcassets in Resources */ = {isa = PBXBuildFile; fileRef = AC8795932B758A2E00F68707 /* Assets.xcassets */; };
		AC8795972B758A2E00F68707 /* Preview Assets.xcassets in Resources */ = {isa = PBXBuildFile; fileRef = AC8795962B758A2E00F68707 /* Preview Assets.xcassets */; };
		AC8795C12B75943900F68707 /* ArtworksFactory.swift in Sources */ = {isa = PBXBuildFile; fileRef = AC8795BA2B75943900F68707 /* ArtworksFactory.swift */; };
		AC8795C22B75943900F68707 /* ArtworksRouter.swift in Sources */ = {isa = PBXBuildFile; fileRef = AC8795BB2B75943900F68707 /* ArtworksRouter.swift */; };
		AC8795C32B75943900F68707 /* ArtworksViewModel+Dependencies.swift in Sources */ = {isa = PBXBuildFile; fileRef = AC8795BC2B75943900F68707 /* ArtworksViewModel+Dependencies.swift */; };
		AC8795C42B75943900F68707 /* ArtworksView.swift in Sources */ = {isa = PBXBuildFile; fileRef = AC8795BD2B75943900F68707 /* ArtworksView.swift */; };
		AC8795C52B75943900F68707 /* ArtworksViewModel.swift in Sources */ = {isa = PBXBuildFile; fileRef = AC8795BE2B75943900F68707 /* ArtworksViewModel.swift */; };
		AC8795C62B75943900F68707 /* ArtworksEntity.swift in Sources */ = {isa = PBXBuildFile; fileRef = AC8795BF2B75943900F68707 /* ArtworksEntity.swift */; };
		AC87960A2B7AD7B700F68707 /* ArtistFactory.swift in Sources */ = {isa = PBXBuildFile; fileRef = AC8796032B7AD7B700F68707 /* ArtistFactory.swift */; };
		AC87960B2B7AD7B700F68707 /* ArtistRouter.swift in Sources */ = {isa = PBXBuildFile; fileRef = AC8796042B7AD7B700F68707 /* ArtistRouter.swift */; };
		AC87960C2B7AD7B700F68707 /* ArtistViewModel+Dependencies.swift in Sources */ = {isa = PBXBuildFile; fileRef = AC8796052B7AD7B700F68707 /* ArtistViewModel+Dependencies.swift */; };
		AC87960D2B7AD7B700F68707 /* ArtistView.swift in Sources */ = {isa = PBXBuildFile; fileRef = AC8796062B7AD7B700F68707 /* ArtistView.swift */; };
		AC87960E2B7AD7B700F68707 /* ArtistViewModel.swift in Sources */ = {isa = PBXBuildFile; fileRef = AC8796072B7AD7B700F68707 /* ArtistViewModel.swift */; };
		AC87960F2B7AD7B700F68707 /* ArtistEntity.swift in Sources */ = {isa = PBXBuildFile; fileRef = AC8796082B7AD7B700F68707 /* ArtistEntity.swift */; };
		AC8796EE2B7C31C900F68707 /* ArtworksDependenciesTest.swift in Sources */ = {isa = PBXBuildFile; fileRef = AC8796ED2B7C31C900F68707 /* ArtworksDependenciesTest.swift */; };
		AC8796F02B7C324B00F68707 /* ArtistDependenciesTest.swift in Sources */ = {isa = PBXBuildFile; fileRef = AC8796EF2B7C324B00F68707 /* ArtistDependenciesTest.swift */; };
		ACA44DBB2B7EB4B900C1FE28 /* PreviewSnapshots in Frameworks */ = {isa = PBXBuildFile; productRef = ACA44DBA2B7EB4B900C1FE28 /* PreviewSnapshots */; };
		ACA44DBD2B7EB4B900C1FE28 /* PreviewSnapshotsTesting in Frameworks */ = {isa = PBXBuildFile; productRef = ACA44DBC2B7EB4B900C1FE28 /* PreviewSnapshotsTesting */; };
		ACA44DC92B7EC0F000C1FE28 /* ArtworksListViewTest.swift in Sources */ = {isa = PBXBuildFile; fileRef = ACA44DC82B7EC0F000C1FE28 /* ArtworksListViewTest.swift */; };
		ACA44DCC2B7EC4EC00C1FE28 /* Artwork+Extension.swift in Sources */ = {isa = PBXBuildFile; fileRef = ACA44DCB2B7EC4EC00C1FE28 /* Artwork+Extension.swift */; };
		ACA44DCE2B7ED0B000C1FE28 /* ArtistDetailViewTest.swift in Sources */ = {isa = PBXBuildFile; fileRef = ACA44DCD2B7ED0B000C1FE28 /* ArtistDetailViewTest.swift */; };
		ACA44DD02B7ED2A000C1FE28 /* ArtistViewEntity+Extension.swift in Sources */ = {isa = PBXBuildFile; fileRef = ACA44DCF2B7ED2A000C1FE28 /* ArtistViewEntity+Extension.swift */; };
		ACC5F3602B8E3A05008060DC /* iOSChallengeDesignSystem.framework in Frameworks */ = {isa = PBXBuildFile; fileRef = ACC5F35F2B8E3A05008060DC /* iOSChallengeDesignSystem.framework */; };
		ACC5F3612B8E3A05008060DC /* iOSChallengeDesignSystem.framework in Embed Frameworks */ = {isa = PBXBuildFile; fileRef = ACC5F35F2B8E3A05008060DC /* iOSChallengeDesignSystem.framework */; settings = {ATTRIBUTES = (CodeSignOnCopy, RemoveHeadersOnCopy, ); }; };
		ACC5F37F2B8FBACF008060DC /* iOSChallengeData.framework in Frameworks */ = {isa = PBXBuildFile; fileRef = ACC5F37E2B8FBACF008060DC /* iOSChallengeData.framework */; };
		ACC5F3802B8FBACF008060DC /* iOSChallengeData.framework in Embed Frameworks */ = {isa = PBXBuildFile; fileRef = ACC5F37E2B8FBACF008060DC /* iOSChallengeData.framework */; settings = {ATTRIBUTES = (CodeSignOnCopy, RemoveHeadersOnCopy, ); }; };
		ACC5F3822B8FBAD5008060DC /* iOSChallengeDomain.framework in Frameworks */ = {isa = PBXBuildFile; fileRef = ACC5F3812B8FBAD5008060DC /* iOSChallengeDomain.framework */; };
		ACC5F3832B8FBAD5008060DC /* iOSChallengeDomain.framework in Embed Frameworks */ = {isa = PBXBuildFile; fileRef = ACC5F3812B8FBAD5008060DC /* iOSChallengeDomain.framework */; settings = {ATTRIBUTES = (CodeSignOnCopy, RemoveHeadersOnCopy, ); }; };
		ACC5F3852B8FBAD9008060DC /* iOSChallengeEntities.framework in Frameworks */ = {isa = PBXBuildFile; fileRef = ACC5F3842B8FBAD8008060DC /* iOSChallengeEntities.framework */; };
		ACC5F3862B8FBAD9008060DC /* iOSChallengeEntities.framework in Embed Frameworks */ = {isa = PBXBuildFile; fileRef = ACC5F3842B8FBAD8008060DC /* iOSChallengeEntities.framework */; settings = {ATTRIBUTES = (CodeSignOnCopy, RemoveHeadersOnCopy, ); }; };
/* End PBXBuildFile section */

/* Begin PBXContainerItemProxy section */
		AC87959D2B758A2E00F68707 /* PBXContainerItemProxy */ = {
			isa = PBXContainerItemProxy;
			containerPortal = AC8795822B758A2C00F68707 /* Project object */;
			proxyType = 1;
			remoteGlobalIDString = AC8795892B758A2C00F68707;
			remoteInfo = BitsoChallenge;
		};
/* End PBXContainerItemProxy section */

/* Begin PBXCopyFilesBuildPhase section */
		AC8796B42B7C2B8F00F68707 /* Embed Frameworks */ = {
			isa = PBXCopyFilesBuildPhase;
			buildActionMask = 2147483647;
			dstPath = "";
			dstSubfolderSpec = 10;
			files = (
				ACC5F3832B8FBAD5008060DC /* iOSChallengeDomain.framework in Embed Frameworks */,
				ACC5F3862B8FBAD9008060DC /* iOSChallengeEntities.framework in Embed Frameworks */,
				ACC5F3802B8FBACF008060DC /* iOSChallengeData.framework in Embed Frameworks */,
				ACC5F3612B8E3A05008060DC /* iOSChallengeDesignSystem.framework in Embed Frameworks */,
			);
			name = "Embed Frameworks";
			runOnlyForDeploymentPostprocessing = 0;
		};
/* End PBXCopyFilesBuildPhase section */

/* Begin PBXFileReference section */
		AC87958A2B758A2C00F68707 /* iOSChallenge.app */ = {isa = PBXFileReference; explicitFileType = wrapper.application; includeInIndex = 0; path = iOSChallenge.app; sourceTree = BUILT_PRODUCTS_DIR; };
		AC87958D2B758A2C00F68707 /* iOSChallengeApp.swift */ = {isa = PBXFileReference; lastKnownFileType = sourcecode.swift; path = iOSChallengeApp.swift; sourceTree = "<group>"; };
		AC8795932B758A2E00F68707 /* Assets.xcassets */ = {isa = PBXFileReference; lastKnownFileType = folder.assetcatalog; path = Assets.xcassets; sourceTree = "<group>"; };
		AC8795962B758A2E00F68707 /* Preview Assets.xcassets */ = {isa = PBXFileReference; lastKnownFileType = folder.assetcatalog; path = "Preview Assets.xcassets"; sourceTree = "<group>"; };
		AC87959C2B758A2E00F68707 /* iOSChallengeTests.xctest */ = {isa = PBXFileReference; explicitFileType = wrapper.cfbundle; includeInIndex = 0; path = iOSChallengeTests.xctest; sourceTree = BUILT_PRODUCTS_DIR; };
		AC8795BA2B75943900F68707 /* ArtworksFactory.swift */ = {isa = PBXFileReference; lastKnownFileType = sourcecode.swift; path = ArtworksFactory.swift; sourceTree = "<group>"; };
		AC8795BB2B75943900F68707 /* ArtworksRouter.swift */ = {isa = PBXFileReference; lastKnownFileType = sourcecode.swift; path = ArtworksRouter.swift; sourceTree = "<group>"; };
		AC8795BC2B75943900F68707 /* ArtworksViewModel+Dependencies.swift */ = {isa = PBXFileReference; lastKnownFileType = sourcecode.swift; path = "ArtworksViewModel+Dependencies.swift"; sourceTree = "<group>"; };
		AC8795BD2B75943900F68707 /* ArtworksView.swift */ = {isa = PBXFileReference; lastKnownFileType = sourcecode.swift; path = ArtworksView.swift; sourceTree = "<group>"; };
		AC8795BE2B75943900F68707 /* ArtworksViewModel.swift */ = {isa = PBXFileReference; lastKnownFileType = sourcecode.swift; path = ArtworksViewModel.swift; sourceTree = "<group>"; };
		AC8795BF2B75943900F68707 /* ArtworksEntity.swift */ = {isa = PBXFileReference; lastKnownFileType = sourcecode.swift; path = ArtworksEntity.swift; sourceTree = "<group>"; };
		AC8796032B7AD7B700F68707 /* ArtistFactory.swift */ = {isa = PBXFileReference; lastKnownFileType = sourcecode.swift; path = ArtistFactory.swift; sourceTree = "<group>"; };
		AC8796042B7AD7B700F68707 /* ArtistRouter.swift */ = {isa = PBXFileReference; lastKnownFileType = sourcecode.swift; path = ArtistRouter.swift; sourceTree = "<group>"; };
		AC8796052B7AD7B700F68707 /* ArtistViewModel+Dependencies.swift */ = {isa = PBXFileReference; lastKnownFileType = sourcecode.swift; path = "ArtistViewModel+Dependencies.swift"; sourceTree = "<group>"; };
		AC8796062B7AD7B700F68707 /* ArtistView.swift */ = {isa = PBXFileReference; lastKnownFileType = sourcecode.swift; path = ArtistView.swift; sourceTree = "<group>"; };
		AC8796072B7AD7B700F68707 /* ArtistViewModel.swift */ = {isa = PBXFileReference; lastKnownFileType = sourcecode.swift; path = ArtistViewModel.swift; sourceTree = "<group>"; };
		AC8796082B7AD7B700F68707 /* ArtistEntity.swift */ = {isa = PBXFileReference; lastKnownFileType = sourcecode.swift; path = ArtistEntity.swift; sourceTree = "<group>"; };
		AC8796ED2B7C31C900F68707 /* ArtworksDependenciesTest.swift */ = {isa = PBXFileReference; lastKnownFileType = sourcecode.swift; path = ArtworksDependenciesTest.swift; sourceTree = "<group>"; };
		AC8796EF2B7C324B00F68707 /* ArtistDependenciesTest.swift */ = {isa = PBXFileReference; lastKnownFileType = sourcecode.swift; path = ArtistDependenciesTest.swift; sourceTree = "<group>"; };
		ACA44DC82B7EC0F000C1FE28 /* ArtworksListViewTest.swift */ = {isa = PBXFileReference; fileEncoding = 4; lastKnownFileType = sourcecode.swift; path = ArtworksListViewTest.swift; sourceTree = "<group>"; };
		ACA44DCB2B7EC4EC00C1FE28 /* Artwork+Extension.swift */ = {isa = PBXFileReference; lastKnownFileType = sourcecode.swift; path = "Artwork+Extension.swift"; sourceTree = "<group>"; };
		ACA44DCD2B7ED0B000C1FE28 /* ArtistDetailViewTest.swift */ = {isa = PBXFileReference; lastKnownFileType = sourcecode.swift; path = ArtistDetailViewTest.swift; sourceTree = "<group>"; };
		ACA44DCF2B7ED2A000C1FE28 /* ArtistViewEntity+Extension.swift */ = {isa = PBXFileReference; lastKnownFileType = sourcecode.swift; path = "ArtistViewEntity+Extension.swift"; sourceTree = "<group>"; };
		ACC5F35F2B8E3A05008060DC /* iOSChallengeDesignSystem.framework */ = {isa = PBXFileReference; explicitFileType = wrapper.framework; path = iOSChallengeDesignSystem.framework; sourceTree = BUILT_PRODUCTS_DIR; };
		ACC5F37E2B8FBACF008060DC /* iOSChallengeData.framework */ = {isa = PBXFileReference; explicitFileType = wrapper.framework; path = iOSChallengeData.framework; sourceTree = BUILT_PRODUCTS_DIR; };
		ACC5F3812B8FBAD5008060DC /* iOSChallengeDomain.framework */ = {isa = PBXFileReference; explicitFileType = wrapper.framework; path = iOSChallengeDomain.framework; sourceTree = BUILT_PRODUCTS_DIR; };
		ACC5F3842B8FBAD8008060DC /* iOSChallengeEntities.framework */ = {isa = PBXFileReference; explicitFileType = wrapper.framework; path = iOSChallengeEntities.framework; sourceTree = BUILT_PRODUCTS_DIR; };
/* End PBXFileReference section */

/* Begin PBXFrameworksBuildPhase section */
		AC8795872B758A2C00F68707 /* Frameworks */ = {
			isa = PBXFrameworksBuildPhase;
			buildActionMask = 2147483647;
			files = (
				ACC5F37F2B8FBACF008060DC /* iOSChallengeData.framework in Frameworks */,
				ACC5F3602B8E3A05008060DC /* iOSChallengeDesignSystem.framework in Frameworks */,
				ACA44DBB2B7EB4B900C1FE28 /* PreviewSnapshots in Frameworks */,
				ACC5F3852B8FBAD9008060DC /* iOSChallengeEntities.framework in Frameworks */,
				ACC5F3822B8FBAD5008060DC /* iOSChallengeDomain.framework in Frameworks */,
			);
			runOnlyForDeploymentPostprocessing = 0;
		};
		AC8795992B758A2E00F68707 /* Frameworks */ = {
			isa = PBXFrameworksBuildPhase;
			buildActionMask = 2147483647;
			files = (
				ACA44DBD2B7EB4B900C1FE28 /* PreviewSnapshotsTesting in Frameworks */,
			);
			runOnlyForDeploymentPostprocessing = 0;
		};
/* End PBXFrameworksBuildPhase section */

/* Begin PBXGroup section */
		AC8795812B758A2C00F68707 = {
			isa = PBXGroup;
			children = (
				AC87958C2B758A2C00F68707 /* iOSChallenge */,
				AC87959F2B758A2E00F68707 /* iOSChallengeTests */,
				AC87958B2B758A2C00F68707 /* Products */,
				AC87964F2B7C29CE00F68707 /* Frameworks */,
				ACA44DC72B7EC0D900C1FE28 /* Recovered References */,
			);
			sourceTree = "<group>";
		};
		AC87958B2B758A2C00F68707 /* Products */ = {
			isa = PBXGroup;
			children = (
				AC87958A2B758A2C00F68707 /* iOSChallenge.app */,
				AC87959C2B758A2E00F68707 /* iOSChallengeTests.xctest */,
			);
			name = Products;
			sourceTree = "<group>";
		};
		AC87958C2B758A2C00F68707 /* iOSChallenge */ = {
			isa = PBXGroup;
			children = (
				AC8795932B758A2E00F68707 /* Assets.xcassets */,
				AC87958D2B758A2C00F68707 /* iOSChallengeApp.swift */,
				AC8795CD2B75A0DA00F68707 /* Features */,
				AC8795952B758A2E00F68707 /* Preview Content */,
			);
			path = iOSChallenge;
			sourceTree = "<group>";
		};
		AC8795952B758A2E00F68707 /* Preview Content */ = {
			isa = PBXGroup;
			children = (
				AC8795962B758A2E00F68707 /* Preview Assets.xcassets */,
				AC8796ED2B7C31C900F68707 /* ArtworksDependenciesTest.swift */,
				AC8796EF2B7C324B00F68707 /* ArtistDependenciesTest.swift */,
				ACA44DCB2B7EC4EC00C1FE28 /* Artwork+Extension.swift */,
				ACA44DCF2B7ED2A000C1FE28 /* ArtistViewEntity+Extension.swift */,
			);
			path = "Preview Content";
			sourceTree = "<group>";
		};
		AC87959F2B758A2E00F68707 /* iOSChallengeTests */ = {
			isa = PBXGroup;
			children = (
				ACA44DC82B7EC0F000C1FE28 /* ArtworksListViewTest.swift */,
				ACA44DCD2B7ED0B000C1FE28 /* ArtistDetailViewTest.swift */,
			);
			path = iOSChallengeTests;
			sourceTree = "<group>";
		};
		AC8795B92B75941F00F68707 /* Artworks */ = {
			isa = PBXGroup;
			children = (
				AC8795BF2B75943900F68707 /* ArtworksEntity.swift */,
				AC8795BA2B75943900F68707 /* ArtworksFactory.swift */,
				AC8795BB2B75943900F68707 /* ArtworksRouter.swift */,
				AC8795BD2B75943900F68707 /* ArtworksView.swift */,
				AC8795BE2B75943900F68707 /* ArtworksViewModel.swift */,
				AC8795BC2B75943900F68707 /* ArtworksViewModel+Dependencies.swift */,
			);
			path = Artworks;
			sourceTree = "<group>";
		};
		AC8795CD2B75A0DA00F68707 /* Features */ = {
			isa = PBXGroup;
			children = (
				AC8796022B7AD75C00F68707 /* Artist */,
				AC8795B92B75941F00F68707 /* Artworks */,
			);
			path = Features;
			sourceTree = "<group>";
		};
		AC8796022B7AD75C00F68707 /* Artist */ = {
			isa = PBXGroup;
			children = (
				AC8796082B7AD7B700F68707 /* ArtistEntity.swift */,
				AC8796032B7AD7B700F68707 /* ArtistFactory.swift */,
				AC8796042B7AD7B700F68707 /* ArtistRouter.swift */,
				AC8796062B7AD7B700F68707 /* ArtistView.swift */,
				AC8796072B7AD7B700F68707 /* ArtistViewModel.swift */,
				AC8796052B7AD7B700F68707 /* ArtistViewModel+Dependencies.swift */,
			);
			path = Artist;
			sourceTree = "<group>";
		};
		AC87964F2B7C29CE00F68707 /* Frameworks */ = {
			isa = PBXGroup;
			children = (
				ACC5F3842B8FBAD8008060DC /* iOSChallengeEntities.framework */,
				ACC5F3812B8FBAD5008060DC /* iOSChallengeDomain.framework */,
				ACC5F37E2B8FBACF008060DC /* iOSChallengeData.framework */,
				ACC5F35F2B8E3A05008060DC /* iOSChallengeDesignSystem.framework */,
			);
			name = Frameworks;
			sourceTree = "<group>";
		};
		ACA44DC72B7EC0D900C1FE28 /* Recovered References */ = {
			isa = PBXGroup;
			children = (
			);
			name = "Recovered References";
			sourceTree = "<group>";
		};
/* End PBXGroup section */

/* Begin PBXNativeTarget section */
		AC8795892B758A2C00F68707 /* iOSChallenge */ = {
			isa = PBXNativeTarget;
			buildConfigurationList = AC8795B02B758A2E00F68707 /* Build configuration list for PBXNativeTarget "iOSChallenge" */;
			buildPhases = (
				AC8795862B758A2C00F68707 /* Sources */,
				AC8795872B758A2C00F68707 /* Frameworks */,
				AC8795882B758A2C00F68707 /* Resources */,
				AC8796B42B7C2B8F00F68707 /* Embed Frameworks */,
			);
			buildRules = (
			);
			dependencies = (
			);
			name = iOSChallenge;
			packageProductDependencies = (
				ACA44DBA2B7EB4B900C1FE28 /* PreviewSnapshots */,
			);
			productName = BitsoChallenge;
			productReference = AC87958A2B758A2C00F68707 /* iOSChallenge.app */;
			productType = "com.apple.product-type.application";
		};
		AC87959B2B758A2E00F68707 /* iOSChallengeTests */ = {
			isa = PBXNativeTarget;
			buildConfigurationList = AC8795B32B758A2E00F68707 /* Build configuration list for PBXNativeTarget "iOSChallengeTests" */;
			buildPhases = (
				AC8795982B758A2E00F68707 /* Sources */,
				AC8795992B758A2E00F68707 /* Frameworks */,
				AC87959A2B758A2E00F68707 /* Resources */,
			);
			buildRules = (
			);
			dependencies = (
				AC87959E2B758A2E00F68707 /* PBXTargetDependency */,
			);
			name = iOSChallengeTests;
			packageProductDependencies = (
				ACA44DBC2B7EB4B900C1FE28 /* PreviewSnapshotsTesting */,
			);
			productName = BitsoChallengeTests;
			productReference = AC87959C2B758A2E00F68707 /* iOSChallengeTests.xctest */;
			productType = "com.apple.product-type.bundle.unit-test";
		};
/* End PBXNativeTarget section */

/* Begin PBXProject section */
		AC8795822B758A2C00F68707 /* Project object */ = {
			isa = PBXProject;
			attributes = {
				BuildIndependentTargetsInParallel = 1;
				LastSwiftUpdateCheck = 1520;
				LastUpgradeCheck = 1520;
				TargetAttributes = {
					AC8795892B758A2C00F68707 = {
						CreatedOnToolsVersion = 15.2;
					};
					AC87959B2B758A2E00F68707 = {
						CreatedOnToolsVersion = 15.2;
						TestTargetID = AC8795892B758A2C00F68707;
					};
				};
			};
			buildConfigurationList = AC8795852B758A2C00F68707 /* Build configuration list for PBXProject "iOSChallenge" */;
			compatibilityVersion = "Xcode 14.0";
			developmentRegion = en;
			hasScannedForEncodings = 0;
			knownRegions = (
				en,
				Base,
			);
			mainGroup = AC8795812B758A2C00F68707;
			packageReferences = (
				ACA44DB92B7EB4B900C1FE28 /* XCRemoteSwiftPackageReference "swiftui-preview-snapshots" */,
			);
			productRefGroup = AC87958B2B758A2C00F68707 /* Products */;
			projectDirPath = "";
			projectRoot = "";
			targets = (
				AC8795892B758A2C00F68707 /* iOSChallenge */,
				AC87959B2B758A2E00F68707 /* iOSChallengeTests */,
			);
		};
/* End PBXProject section */

/* Begin PBXResourcesBuildPhase section */
		AC8795882B758A2C00F68707 /* Resources */ = {
			isa = PBXResourcesBuildPhase;
			buildActionMask = 2147483647;
			files = (
				AC8795972B758A2E00F68707 /* Preview Assets.xcassets in Resources */,
				AC8795942B758A2E00F68707 /* Assets.xcassets in Resources */,
			);
			runOnlyForDeploymentPostprocessing = 0;
		};
		AC87959A2B758A2E00F68707 /* Resources */ = {
			isa = PBXResourcesBuildPhase;
			buildActionMask = 2147483647;
			files = (
			);
			runOnlyForDeploymentPostprocessing = 0;
		};
/* End PBXResourcesBuildPhase section */

/* Begin PBXSourcesBuildPhase section */
		AC8795862B758A2C00F68707 /* Sources */ = {
			isa = PBXSourcesBuildPhase;
			buildActionMask = 2147483647;
			files = (
				ACA44DCC2B7EC4EC00C1FE28 /* Artwork+Extension.swift in Sources */,
				AC87960F2B7AD7B700F68707 /* ArtistEntity.swift in Sources */,
				AC87960A2B7AD7B700F68707 /* ArtistFactory.swift in Sources */,
				AC87960C2B7AD7B700F68707 /* ArtistViewModel+Dependencies.swift in Sources */,
				ACA44DD02B7ED2A000C1FE28 /* ArtistViewEntity+Extension.swift in Sources */,
				AC8795C32B75943900F68707 /* ArtworksViewModel+Dependencies.swift in Sources */,
				AC87960E2B7AD7B700F68707 /* ArtistViewModel.swift in Sources */,
				AC8796F02B7C324B00F68707 /* ArtistDependenciesTest.swift in Sources */,
				AC8795C22B75943900F68707 /* ArtworksRouter.swift in Sources */,
				AC8795C42B75943900F68707 /* ArtworksView.swift in Sources */,
				AC87960D2B7AD7B700F68707 /* ArtistView.swift in Sources */,
				AC87960B2B7AD7B700F68707 /* ArtistRouter.swift in Sources */,
				AC8795C12B75943900F68707 /* ArtworksFactory.swift in Sources */,
				AC8795C62B75943900F68707 /* ArtworksEntity.swift in Sources */,
				AC87958E2B758A2C00F68707 /* iOSChallengeApp.swift in Sources */,
				AC8796EE2B7C31C900F68707 /* ArtworksDependenciesTest.swift in Sources */,
				AC8795C52B75943900F68707 /* ArtworksViewModel.swift in Sources */,
			);
			runOnlyForDeploymentPostprocessing = 0;
		};
		AC8795982B758A2E00F68707 /* Sources */ = {
			isa = PBXSourcesBuildPhase;
			buildActionMask = 2147483647;
			files = (
				ACA44DCE2B7ED0B000C1FE28 /* ArtistDetailViewTest.swift in Sources */,
				ACA44DC92B7EC0F000C1FE28 /* ArtworksListViewTest.swift in Sources */,
			);
			runOnlyForDeploymentPostprocessing = 0;
		};
/* End PBXSourcesBuildPhase section */

/* Begin PBXTargetDependency section */
		AC87959E2B758A2E00F68707 /* PBXTargetDependency */ = {
			isa = PBXTargetDependency;
			target = AC8795892B758A2C00F68707 /* iOSChallenge */;
			targetProxy = AC87959D2B758A2E00F68707 /* PBXContainerItemProxy */;
		};
/* End PBXTargetDependency section */

/* Begin XCBuildConfiguration section */
		AC8795AE2B758A2E00F68707 /* Debug */ = {
			isa = XCBuildConfiguration;
			buildSettings = {
				ALWAYS_SEARCH_USER_PATHS = NO;
				ASSETCATALOG_COMPILER_GENERATE_SWIFT_ASSET_SYMBOL_EXTENSIONS = YES;
				CLANG_ANALYZER_NONNULL = YES;
				CLANG_ANALYZER_NUMBER_OBJECT_CONVERSION = YES_AGGRESSIVE;
				CLANG_CXX_LANGUAGE_STANDARD = "gnu++20";
				CLANG_ENABLE_MODULES = YES;
				CLANG_ENABLE_OBJC_ARC = YES;
				CLANG_ENABLE_OBJC_WEAK = YES;
				CLANG_WARN_BLOCK_CAPTURE_AUTORELEASING = YES;
				CLANG_WARN_BOOL_CONVERSION = YES;
				CLANG_WARN_COMMA = YES;
				CLANG_WARN_CONSTANT_CONVERSION = YES;
				CLANG_WARN_DEPRECATED_OBJC_IMPLEMENTATIONS = YES;
				CLANG_WARN_DIRECT_OBJC_ISA_USAGE = YES_ERROR;
				CLANG_WARN_DOCUMENTATION_COMMENTS = YES;
				CLANG_WARN_EMPTY_BODY = YES;
				CLANG_WARN_ENUM_CONVERSION = YES;
				CLANG_WARN_INFINITE_RECURSION = YES;
				CLANG_WARN_INT_CONVERSION = YES;
				CLANG_WARN_NON_LITERAL_NULL_CONVERSION = YES;
				CLANG_WARN_OBJC_IMPLICIT_RETAIN_SELF = YES;
				CLANG_WARN_OBJC_LITERAL_CONVERSION = YES;
				CLANG_WARN_OBJC_ROOT_CLASS = YES_ERROR;
				CLANG_WARN_QUOTED_INCLUDE_IN_FRAMEWORK_HEADER = YES;
				CLANG_WARN_RANGE_LOOP_ANALYSIS = YES;
				CLANG_WARN_STRICT_PROTOTYPES = YES;
				CLANG_WARN_SUSPICIOUS_MOVE = YES;
				CLANG_WARN_UNGUARDED_AVAILABILITY = YES_AGGRESSIVE;
				CLANG_WARN_UNREACHABLE_CODE = YES;
				CLANG_WARN__DUPLICATE_METHOD_MATCH = YES;
				COPY_PHASE_STRIP = NO;
				DEBUG_INFORMATION_FORMAT = dwarf;
				ENABLE_STRICT_OBJC_MSGSEND = YES;
				ENABLE_TESTABILITY = YES;
				ENABLE_USER_SCRIPT_SANDBOXING = YES;
				GCC_C_LANGUAGE_STANDARD = gnu17;
				GCC_DYNAMIC_NO_PIC = NO;
				GCC_NO_COMMON_BLOCKS = YES;
				GCC_OPTIMIZATION_LEVEL = 0;
				GCC_PREPROCESSOR_DEFINITIONS = (
					"DEBUG=1",
					"$(inherited)",
				);
				GCC_WARN_64_TO_32_BIT_CONVERSION = YES;
				GCC_WARN_ABOUT_RETURN_TYPE = YES_ERROR;
				GCC_WARN_UNDECLARED_SELECTOR = YES;
				GCC_WARN_UNINITIALIZED_AUTOS = YES_AGGRESSIVE;
				GCC_WARN_UNUSED_FUNCTION = YES;
				GCC_WARN_UNUSED_VARIABLE = YES;
				IPHONEOS_DEPLOYMENT_TARGET = 17.2;
				LOCALIZATION_PREFERS_STRING_CATALOGS = YES;
				MTL_ENABLE_DEBUG_INFO = INCLUDE_SOURCE;
				MTL_FAST_MATH = YES;
				ONLY_ACTIVE_ARCH = YES;
				SDKROOT = iphoneos;
				SWIFT_ACTIVE_COMPILATION_CONDITIONS = "DEBUG $(inherited)";
				SWIFT_OPTIMIZATION_LEVEL = "-Onone";
			};
			name = Debug;
		};
		AC8795AF2B758A2E00F68707 /* Release */ = {
			isa = XCBuildConfiguration;
			buildSettings = {
				ALWAYS_SEARCH_USER_PATHS = NO;
				ASSETCATALOG_COMPILER_GENERATE_SWIFT_ASSET_SYMBOL_EXTENSIONS = YES;
				CLANG_ANALYZER_NONNULL = YES;
				CLANG_ANALYZER_NUMBER_OBJECT_CONVERSION = YES_AGGRESSIVE;
				CLANG_CXX_LANGUAGE_STANDARD = "gnu++20";
				CLANG_ENABLE_MODULES = YES;
				CLANG_ENABLE_OBJC_ARC = YES;
				CLANG_ENABLE_OBJC_WEAK = YES;
				CLANG_WARN_BLOCK_CAPTURE_AUTORELEASING = YES;
				CLANG_WARN_BOOL_CONVERSION = YES;
				CLANG_WARN_COMMA = YES;
				CLANG_WARN_CONSTANT_CONVERSION = YES;
				CLANG_WARN_DEPRECATED_OBJC_IMPLEMENTATIONS = YES;
				CLANG_WARN_DIRECT_OBJC_ISA_USAGE = YES_ERROR;
				CLANG_WARN_DOCUMENTATION_COMMENTS = YES;
				CLANG_WARN_EMPTY_BODY = YES;
				CLANG_WARN_ENUM_CONVERSION = YES;
				CLANG_WARN_INFINITE_RECURSION = YES;
				CLANG_WARN_INT_CONVERSION = YES;
				CLANG_WARN_NON_LITERAL_NULL_CONVERSION = YES;
				CLANG_WARN_OBJC_IMPLICIT_RETAIN_SELF = YES;
				CLANG_WARN_OBJC_LITERAL_CONVERSION = YES;
				CLANG_WARN_OBJC_ROOT_CLASS = YES_ERROR;
				CLANG_WARN_QUOTED_INCLUDE_IN_FRAMEWORK_HEADER = YES;
				CLANG_WARN_RANGE_LOOP_ANALYSIS = YES;
				CLANG_WARN_STRICT_PROTOTYPES = YES;
				CLANG_WARN_SUSPICIOUS_MOVE = YES;
				CLANG_WARN_UNGUARDED_AVAILABILITY = YES_AGGRESSIVE;
				CLANG_WARN_UNREACHABLE_CODE = YES;
				CLANG_WARN__DUPLICATE_METHOD_MATCH = YES;
				COPY_PHASE_STRIP = NO;
				DEBUG_INFORMATION_FORMAT = "dwarf-with-dsym";
				ENABLE_NS_ASSERTIONS = NO;
				ENABLE_STRICT_OBJC_MSGSEND = YES;
				ENABLE_USER_SCRIPT_SANDBOXING = YES;
				GCC_C_LANGUAGE_STANDARD = gnu17;
				GCC_NO_COMMON_BLOCKS = YES;
				GCC_WARN_64_TO_32_BIT_CONVERSION = YES;
				GCC_WARN_ABOUT_RETURN_TYPE = YES_ERROR;
				GCC_WARN_UNDECLARED_SELECTOR = YES;
				GCC_WARN_UNINITIALIZED_AUTOS = YES_AGGRESSIVE;
				GCC_WARN_UNUSED_FUNCTION = YES;
				GCC_WARN_UNUSED_VARIABLE = YES;
				IPHONEOS_DEPLOYMENT_TARGET = 17.2;
				LOCALIZATION_PREFERS_STRING_CATALOGS = YES;
				MTL_ENABLE_DEBUG_INFO = NO;
				MTL_FAST_MATH = YES;
				SDKROOT = iphoneos;
				SWIFT_COMPILATION_MODE = wholemodule;
				VALIDATE_PRODUCT = YES;
			};
			name = Release;
		};
		AC8795B12B758A2E00F68707 /* Debug */ = {
			isa = XCBuildConfiguration;
			buildSettings = {
				ASSETCATALOG_COMPILER_APPICON_NAME = AppIcon;
				ASSETCATALOG_COMPILER_GLOBAL_ACCENT_COLOR_NAME = AccentColor;
				CODE_SIGN_STYLE = Automatic;
				CURRENT_PROJECT_VERSION = 1;
				DEVELOPMENT_ASSET_PATHS = "\"iOSChallenge/Preview Content\"";
				DEVELOPMENT_TEAM = T94L48M7HD;
				ENABLE_PREVIEWS = YES;
				GENERATE_INFOPLIST_FILE = YES;
				INFOPLIST_KEY_UIApplicationSceneManifest_Generation = YES;
				INFOPLIST_KEY_UIApplicationSupportsIndirectInputEvents = YES;
				INFOPLIST_KEY_UILaunchScreen_Generation = YES;
				INFOPLIST_KEY_UISupportedInterfaceOrientations_iPad = "UIInterfaceOrientationPortrait UIInterfaceOrientationPortraitUpsideDown UIInterfaceOrientationLandscapeLeft UIInterfaceOrientationLandscapeRight";
				INFOPLIST_KEY_UISupportedInterfaceOrientations_iPhone = "UIInterfaceOrientationPortrait UIInterfaceOrientationLandscapeLeft UIInterfaceOrientationLandscapeRight";
				INFOPLIST_KEY_UIUserInterfaceStyle = Light;
				IPHONEOS_DEPLOYMENT_TARGET = 17.0;
				LD_RUNPATH_SEARCH_PATHS = (
					"$(inherited)",
					"@executable_path/Frameworks",
				);
				MARKETING_VERSION = 1.0;
				PRODUCT_BUNDLE_IDENTIFIER = com.lfbr.iOSChallenge;
				PRODUCT_NAME = "$(TARGET_NAME)";
				SWIFT_EMIT_LOC_STRINGS = YES;
				SWIFT_VERSION = 5.0;
				TARGETED_DEVICE_FAMILY = "1,2";
			};
			name = Debug;
		};
		AC8795B22B758A2E00F68707 /* Release */ = {
			isa = XCBuildConfiguration;
			buildSettings = {
				ASSETCATALOG_COMPILER_APPICON_NAME = AppIcon;
				ASSETCATALOG_COMPILER_GLOBAL_ACCENT_COLOR_NAME = AccentColor;
				CODE_SIGN_STYLE = Automatic;
				CURRENT_PROJECT_VERSION = 1;
				DEVELOPMENT_ASSET_PATHS = "\"iOSChallenge/Preview Content\"";
				DEVELOPMENT_TEAM = T94L48M7HD;
				ENABLE_PREVIEWS = YES;
				GENERATE_INFOPLIST_FILE = YES;
				INFOPLIST_KEY_UIApplicationSceneManifest_Generation = YES;
				INFOPLIST_KEY_UIApplicationSupportsIndirectInputEvents = YES;
				INFOPLIST_KEY_UILaunchScreen_Generation = YES;
				INFOPLIST_KEY_UISupportedInterfaceOrientations_iPad = "UIInterfaceOrientationPortrait UIInterfaceOrientationPortraitUpsideDown UIInterfaceOrientationLandscapeLeft UIInterfaceOrientationLandscapeRight";
				INFOPLIST_KEY_UISupportedInterfaceOrientations_iPhone = "UIInterfaceOrientationPortrait UIInterfaceOrientationLandscapeLeft UIInterfaceOrientationLandscapeRight";
				INFOPLIST_KEY_UIUserInterfaceStyle = Light;
				IPHONEOS_DEPLOYMENT_TARGET = 17.0;
				LD_RUNPATH_SEARCH_PATHS = (
					"$(inherited)",
					"@executable_path/Frameworks",
				);
				MARKETING_VERSION = 1.0;
				PRODUCT_BUNDLE_IDENTIFIER = com.lfbr.iOSChallenge;
				PRODUCT_NAME = "$(TARGET_NAME)";
				SWIFT_EMIT_LOC_STRINGS = YES;
				SWIFT_VERSION = 5.0;
				TARGETED_DEVICE_FAMILY = "1,2";
			};
			name = Release;
		};
		AC8795B42B758A2E00F68707 /* Debug */ = {
			isa = XCBuildConfiguration;
			buildSettings = {
				ALWAYS_EMBED_SWIFT_STANDARD_LIBRARIES = YES;
				BUNDLE_LOADER = "$(TEST_HOST)";
				CODE_SIGN_STYLE = Automatic;
				CURRENT_PROJECT_VERSION = 1;
				DEVELOPMENT_TEAM = T94L48M7HD;
				GENERATE_INFOPLIST_FILE = YES;
				IPHONEOS_DEPLOYMENT_TARGET = 17.0;
				MARKETING_VERSION = 1.0;
				PRODUCT_BUNDLE_IDENTIFIER = com.lfbr.iOSChallengeTests;
				PRODUCT_NAME = "$(TARGET_NAME)";
				SWIFT_EMIT_LOC_STRINGS = NO;
				SWIFT_VERSION = 5.0;
				TARGETED_DEVICE_FAMILY = "1,2";
				TEST_HOST = "$(BUILT_PRODUCTS_DIR)/iOSChallenge.app/$(BUNDLE_EXECUTABLE_FOLDER_PATH)/iOSChallenge";
			};
			name = Debug;
		};
		AC8795B52B758A2E00F68707 /* Release */ = {
			isa = XCBuildConfiguration;
			buildSettings = {
				ALWAYS_EMBED_SWIFT_STANDARD_LIBRARIES = YES;
				BUNDLE_LOADER = "$(TEST_HOST)";
				CODE_SIGN_STYLE = Automatic;
				CURRENT_PROJECT_VERSION = 1;
				DEVELOPMENT_TEAM = T94L48M7HD;
				GENERATE_INFOPLIST_FILE = YES;
				IPHONEOS_DEPLOYMENT_TARGET = 17.0;
				MARKETING_VERSION = 1.0;
				PRODUCT_BUNDLE_IDENTIFIER = com.lfbr.iOSChallengeTests;
				PRODUCT_NAME = "$(TARGET_NAME)";
				SWIFT_EMIT_LOC_STRINGS = NO;
				SWIFT_VERSION = 5.0;
				TARGETED_DEVICE_FAMILY = "1,2";
				TEST_HOST = "$(BUILT_PRODUCTS_DIR)/iOSChallenge.app/$(BUNDLE_EXECUTABLE_FOLDER_PATH)/iOSChallenge";
			};
			name = Release;
		};
/* End XCBuildConfiguration section */

/* Begin XCConfigurationList section */
		AC8795852B758A2C00F68707 /* Build configuration list for PBXProject "iOSChallenge" */ = {
			isa = XCConfigurationList;
			buildConfigurations = (
				AC8795AE2B758A2E00F68707 /* Debug */,
				AC8795AF2B758A2E00F68707 /* Release */,
			);
			defaultConfigurationIsVisible = 0;
			defaultConfigurationName = Release;
		};
		AC8795B02B758A2E00F68707 /* Build configuration list for PBXNativeTarget "iOSChallenge" */ = {
			isa = XCConfigurationList;
			buildConfigurations = (
				AC8795B12B758A2E00F68707 /* Debug */,
				AC8795B22B758A2E00F68707 /* Release */,
			);
			defaultConfigurationIsVisible = 0;
			defaultConfigurationName = Release;
		};
		AC8795B32B758A2E00F68707 /* Build configuration list for PBXNativeTarget "iOSChallengeTests" */ = {
			isa = XCConfigurationList;
			buildConfigurations = (
				AC8795B42B758A2E00F68707 /* Debug */,
				AC8795B52B758A2E00F68707 /* Release */,
			);
			defaultConfigurationIsVisible = 0;
			defaultConfigurationName = Release;
		};
/* End XCConfigurationList section */

/* Begin XCRemoteSwiftPackageReference section */
		ACA44DB92B7EB4B900C1FE28 /* XCRemoteSwiftPackageReference "swiftui-preview-snapshots" */ = {
			isa = XCRemoteSwiftPackageReference;
			repositoryURL = "https://github.com/doordash-oss/swiftui-preview-snapshots";
			requirement = {
				branch = main;
				kind = branch;
			};
		};
/* End XCRemoteSwiftPackageReference section */

/* Begin XCSwiftPackageProductDependency section */
		ACA44DBA2B7EB4B900C1FE28 /* PreviewSnapshots */ = {
			isa = XCSwiftPackageProductDependency;
			package = ACA44DB92B7EB4B900C1FE28 /* XCRemoteSwiftPackageReference "swiftui-preview-snapshots" */;
			productName = PreviewSnapshots;
		};
		ACA44DBC2B7EB4B900C1FE28 /* PreviewSnapshotsTesting */ = {
			isa = XCSwiftPackageProductDependency;
			package = ACA44DB92B7EB4B900C1FE28 /* XCRemoteSwiftPackageReference "swiftui-preview-snapshots" */;
			productName = PreviewSnapshotsTesting;
		};
/* End XCSwiftPackageProductDependency section */
	};
	rootObject = AC8795822B758A2C00F68707 /* Project object */;
}
