// !$*UTF8*$!
{
	archiveVersion = 1;
	classes = {
	};
	objectVersion = 56;
	objects = {

/* Begin PBXBuildFile section */
		AC87958E2B758A2C00F68707 /* BitsoChallengeApp.swift in Sources */ = {isa = PBXBuildFile; fileRef = AC87958D2B758A2C00F68707 /* BitsoChallengeApp.swift */; };
		AC8795942B758A2E00F68707 /* Assets.xcassets in Resources */ = {isa = PBXBuildFile; fileRef = AC8795932B758A2E00F68707 /* Assets.xcassets */; };
		AC8795972B758A2E00F68707 /* Preview Assets.xcassets in Resources */ = {isa = PBXBuildFile; fileRef = AC8795962B758A2E00F68707 /* Preview Assets.xcassets */; };
		AC8795A12B758A2E00F68707 /* BitsoChallengeTests.swift in Sources */ = {isa = PBXBuildFile; fileRef = AC8795A02B758A2E00F68707 /* BitsoChallengeTests.swift */; };
		AC8795AB2B758A2E00F68707 /* BitsoChallengeUITests.swift in Sources */ = {isa = PBXBuildFile; fileRef = AC8795AA2B758A2E00F68707 /* BitsoChallengeUITests.swift */; };
		AC8795AD2B758A2E00F68707 /* BitsoChallengeUITestsLaunchTests.swift in Sources */ = {isa = PBXBuildFile; fileRef = AC8795AC2B758A2E00F68707 /* BitsoChallengeUITestsLaunchTests.swift */; };
		AC8795C12B75943900F68707 /* ArtistsFactory.swift in Sources */ = {isa = PBXBuildFile; fileRef = AC8795BA2B75943900F68707 /* ArtistsFactory.swift */; };
		AC8795C22B75943900F68707 /* ArtistsRouter.swift in Sources */ = {isa = PBXBuildFile; fileRef = AC8795BB2B75943900F68707 /* ArtistsRouter.swift */; };
		AC8795C32B75943900F68707 /* ArtistsViewModel+Dependencies.swift in Sources */ = {isa = PBXBuildFile; fileRef = AC8795BC2B75943900F68707 /* ArtistsViewModel+Dependencies.swift */; };
		AC8795C42B75943900F68707 /* ArtistsView.swift in Sources */ = {isa = PBXBuildFile; fileRef = AC8795BD2B75943900F68707 /* ArtistsView.swift */; };
		AC8795C52B75943900F68707 /* ArtistsViewModel.swift in Sources */ = {isa = PBXBuildFile; fileRef = AC8795BE2B75943900F68707 /* ArtistsViewModel.swift */; };
		AC8795C62B75943900F68707 /* ArtistsEntity.swift in Sources */ = {isa = PBXBuildFile; fileRef = AC8795BF2B75943900F68707 /* ArtistsEntity.swift */; };
		AC8795CB2B75A05800F68707 /* Artist.swift in Sources */ = {isa = PBXBuildFile; fileRef = AC8795CA2B75A05800F68707 /* Artist.swift */; };
		AC8795D22B75AC1F00F68707 /* NetworkingDataSourceType.swift in Sources */ = {isa = PBXBuildFile; fileRef = AC8795D12B75AC1F00F68707 /* NetworkingDataSourceType.swift */; };
		AC8795D72B75AEB900F68707 /* ArtistEndpoint.swift in Sources */ = {isa = PBXBuildFile; fileRef = AC8795D62B75AEB900F68707 /* ArtistEndpoint.swift */; };
		AC8795DC2B75B0B800F68707 /* ArtistRequestModel.swift in Sources */ = {isa = PBXBuildFile; fileRef = AC8795DB2B75B0B800F68707 /* ArtistRequestModel.swift */; };
		AC8795DE2B75B2EE00F68707 /* ApiConstants.swift in Sources */ = {isa = PBXBuildFile; fileRef = AC8795DD2B75B2EE00F68707 /* ApiConstants.swift */; };
		AC8795E02B75B49500F68707 /* NetworkError.swift in Sources */ = {isa = PBXBuildFile; fileRef = AC8795DF2B75B49500F68707 /* NetworkError.swift */; };
		AC8795E22B75B6B800F68707 /* NetworkingService.swift in Sources */ = {isa = PBXBuildFile; fileRef = AC8795E12B75B6B800F68707 /* NetworkingService.swift */; };
		AC8795E42B75B6DF00F68707 /* NetworkTargetType.swift in Sources */ = {isa = PBXBuildFile; fileRef = AC8795E32B75B6DF00F68707 /* NetworkTargetType.swift */; };
		AC8795F52B7A942E00F68707 /* ArtistResponseModel.swift in Sources */ = {isa = PBXBuildFile; fileRef = AC8795F42B7A942E00F68707 /* ArtistResponseModel.swift */; };
		AC8795F72B7A9C7C00F68707 /* ArtistApi.swift in Sources */ = {isa = PBXBuildFile; fileRef = AC8795F62B7A9C7C00F68707 /* ArtistApi.swift */; };
		AC8795F92B7A9F1400F68707 /* ArtistResponseModel+Mapper.swift in Sources */ = {isa = PBXBuildFile; fileRef = AC8795F82B7A9F1400F68707 /* ArtistResponseModel+Mapper.swift */; };
		AC8795FB2B7AA04F00F68707 /* ArtistDetail.swift in Sources */ = {isa = PBXBuildFile; fileRef = AC8795FA2B7AA04F00F68707 /* ArtistDetail.swift */; };
/* End PBXBuildFile section */

/* Begin PBXContainerItemProxy section */
		AC87959D2B758A2E00F68707 /* PBXContainerItemProxy */ = {
			isa = PBXContainerItemProxy;
			containerPortal = AC8795822B758A2C00F68707 /* Project object */;
			proxyType = 1;
			remoteGlobalIDString = AC8795892B758A2C00F68707;
			remoteInfo = BitsoChallenge;
		};
		AC8795A72B758A2E00F68707 /* PBXContainerItemProxy */ = {
			isa = PBXContainerItemProxy;
			containerPortal = AC8795822B758A2C00F68707 /* Project object */;
			proxyType = 1;
			remoteGlobalIDString = AC8795892B758A2C00F68707;
			remoteInfo = BitsoChallenge;
		};
/* End PBXContainerItemProxy section */

/* Begin PBXFileReference section */
		AC87958A2B758A2C00F68707 /* BitsoChallenge.app */ = {isa = PBXFileReference; explicitFileType = wrapper.application; includeInIndex = 0; path = BitsoChallenge.app; sourceTree = BUILT_PRODUCTS_DIR; };
		AC87958D2B758A2C00F68707 /* BitsoChallengeApp.swift */ = {isa = PBXFileReference; lastKnownFileType = sourcecode.swift; path = BitsoChallengeApp.swift; sourceTree = "<group>"; };
		AC8795932B758A2E00F68707 /* Assets.xcassets */ = {isa = PBXFileReference; lastKnownFileType = folder.assetcatalog; path = Assets.xcassets; sourceTree = "<group>"; };
		AC8795962B758A2E00F68707 /* Preview Assets.xcassets */ = {isa = PBXFileReference; lastKnownFileType = folder.assetcatalog; path = "Preview Assets.xcassets"; sourceTree = "<group>"; };
		AC87959C2B758A2E00F68707 /* BitsoChallengeTests.xctest */ = {isa = PBXFileReference; explicitFileType = wrapper.cfbundle; includeInIndex = 0; path = BitsoChallengeTests.xctest; sourceTree = BUILT_PRODUCTS_DIR; };
		AC8795A02B758A2E00F68707 /* BitsoChallengeTests.swift */ = {isa = PBXFileReference; lastKnownFileType = sourcecode.swift; path = BitsoChallengeTests.swift; sourceTree = "<group>"; };
		AC8795A62B758A2E00F68707 /* BitsoChallengeUITests.xctest */ = {isa = PBXFileReference; explicitFileType = wrapper.cfbundle; includeInIndex = 0; path = BitsoChallengeUITests.xctest; sourceTree = BUILT_PRODUCTS_DIR; };
		AC8795AA2B758A2E00F68707 /* BitsoChallengeUITests.swift */ = {isa = PBXFileReference; lastKnownFileType = sourcecode.swift; path = BitsoChallengeUITests.swift; sourceTree = "<group>"; };
		AC8795AC2B758A2E00F68707 /* BitsoChallengeUITestsLaunchTests.swift */ = {isa = PBXFileReference; lastKnownFileType = sourcecode.swift; path = BitsoChallengeUITestsLaunchTests.swift; sourceTree = "<group>"; };
		AC8795BA2B75943900F68707 /* ArtistsFactory.swift */ = {isa = PBXFileReference; lastKnownFileType = sourcecode.swift; path = ArtistsFactory.swift; sourceTree = "<group>"; };
		AC8795BB2B75943900F68707 /* ArtistsRouter.swift */ = {isa = PBXFileReference; lastKnownFileType = sourcecode.swift; path = ArtistsRouter.swift; sourceTree = "<group>"; };
		AC8795BC2B75943900F68707 /* ArtistsViewModel+Dependencies.swift */ = {isa = PBXFileReference; lastKnownFileType = sourcecode.swift; path = "ArtistsViewModel+Dependencies.swift"; sourceTree = "<group>"; };
		AC8795BD2B75943900F68707 /* ArtistsView.swift */ = {isa = PBXFileReference; lastKnownFileType = sourcecode.swift; path = ArtistsView.swift; sourceTree = "<group>"; };
		AC8795BE2B75943900F68707 /* ArtistsViewModel.swift */ = {isa = PBXFileReference; lastKnownFileType = sourcecode.swift; path = ArtistsViewModel.swift; sourceTree = "<group>"; };
		AC8795BF2B75943900F68707 /* ArtistsEntity.swift */ = {isa = PBXFileReference; lastKnownFileType = sourcecode.swift; path = ArtistsEntity.swift; sourceTree = "<group>"; };
		AC8795CA2B75A05800F68707 /* Artist.swift */ = {isa = PBXFileReference; lastKnownFileType = sourcecode.swift; path = Artist.swift; sourceTree = "<group>"; };
		AC8795D12B75AC1F00F68707 /* NetworkingDataSourceType.swift */ = {isa = PBXFileReference; lastKnownFileType = sourcecode.swift; path = NetworkingDataSourceType.swift; sourceTree = "<group>"; };
		AC8795D62B75AEB900F68707 /* ArtistEndpoint.swift */ = {isa = PBXFileReference; lastKnownFileType = sourcecode.swift; path = ArtistEndpoint.swift; sourceTree = "<group>"; };
		AC8795DB2B75B0B800F68707 /* ArtistRequestModel.swift */ = {isa = PBXFileReference; lastKnownFileType = sourcecode.swift; path = ArtistRequestModel.swift; sourceTree = "<group>"; };
		AC8795DD2B75B2EE00F68707 /* ApiConstants.swift */ = {isa = PBXFileReference; lastKnownFileType = sourcecode.swift; path = ApiConstants.swift; sourceTree = "<group>"; };
		AC8795DF2B75B49500F68707 /* NetworkError.swift */ = {isa = PBXFileReference; lastKnownFileType = sourcecode.swift; path = NetworkError.swift; sourceTree = "<group>"; };
		AC8795E12B75B6B800F68707 /* NetworkingService.swift */ = {isa = PBXFileReference; lastKnownFileType = sourcecode.swift; path = NetworkingService.swift; sourceTree = "<group>"; };
		AC8795E32B75B6DF00F68707 /* NetworkTargetType.swift */ = {isa = PBXFileReference; lastKnownFileType = sourcecode.swift; path = NetworkTargetType.swift; sourceTree = "<group>"; };
		AC8795F42B7A942E00F68707 /* ArtistResponseModel.swift */ = {isa = PBXFileReference; lastKnownFileType = sourcecode.swift; path = ArtistResponseModel.swift; sourceTree = "<group>"; };
		AC8795F62B7A9C7C00F68707 /* ArtistApi.swift */ = {isa = PBXFileReference; lastKnownFileType = sourcecode.swift; path = ArtistApi.swift; sourceTree = "<group>"; };
		AC8795F82B7A9F1400F68707 /* ArtistResponseModel+Mapper.swift */ = {isa = PBXFileReference; lastKnownFileType = sourcecode.swift; path = "ArtistResponseModel+Mapper.swift"; sourceTree = "<group>"; };
		AC8795FA2B7AA04F00F68707 /* ArtistDetail.swift */ = {isa = PBXFileReference; lastKnownFileType = sourcecode.swift; path = ArtistDetail.swift; sourceTree = "<group>"; };
/* End PBXFileReference section */

/* Begin PBXFrameworksBuildPhase section */
		AC8795872B758A2C00F68707 /* Frameworks */ = {
			isa = PBXFrameworksBuildPhase;
			buildActionMask = 2147483647;
			files = (
			);
			runOnlyForDeploymentPostprocessing = 0;
		};
		AC8795992B758A2E00F68707 /* Frameworks */ = {
			isa = PBXFrameworksBuildPhase;
			buildActionMask = 2147483647;
			files = (
			);
			runOnlyForDeploymentPostprocessing = 0;
		};
		AC8795A32B758A2E00F68707 /* Frameworks */ = {
			isa = PBXFrameworksBuildPhase;
			buildActionMask = 2147483647;
			files = (
			);
			runOnlyForDeploymentPostprocessing = 0;
		};
/* End PBXFrameworksBuildPhase section */

/* Begin PBXGroup section */
		AC8795812B758A2C00F68707 = {
			isa = PBXGroup;
			children = (
				AC87958C2B758A2C00F68707 /* BitsoChallenge */,
				AC87959F2B758A2E00F68707 /* BitsoChallengeTests */,
				AC8795A92B758A2E00F68707 /* BitsoChallengeUITests */,
				AC87958B2B758A2C00F68707 /* Products */,
			);
			sourceTree = "<group>";
		};
		AC87958B2B758A2C00F68707 /* Products */ = {
			isa = PBXGroup;
			children = (
				AC87958A2B758A2C00F68707 /* BitsoChallenge.app */,
				AC87959C2B758A2E00F68707 /* BitsoChallengeTests.xctest */,
				AC8795A62B758A2E00F68707 /* BitsoChallengeUITests.xctest */,
			);
			name = Products;
			sourceTree = "<group>";
		};
		AC87958C2B758A2C00F68707 /* BitsoChallenge */ = {
			isa = PBXGroup;
			children = (
				AC8795932B758A2E00F68707 /* Assets.xcassets */,
				AC87958D2B758A2C00F68707 /* BitsoChallengeApp.swift */,
				AC8795CC2B75A0D100F68707 /* Data */,
				AC8795C82B75A03A00F68707 /* Domain */,
				AC8795CD2B75A0DA00F68707 /* Features */,
				AC8795952B758A2E00F68707 /* Preview Content */,
			);
			path = BitsoChallenge;
			sourceTree = "<group>";
		};
		AC8795952B758A2E00F68707 /* Preview Content */ = {
			isa = PBXGroup;
			children = (
				AC8795962B758A2E00F68707 /* Preview Assets.xcassets */,
			);
			path = "Preview Content";
			sourceTree = "<group>";
		};
		AC87959F2B758A2E00F68707 /* BitsoChallengeTests */ = {
			isa = PBXGroup;
			children = (
				AC8795A02B758A2E00F68707 /* BitsoChallengeTests.swift */,
			);
			path = BitsoChallengeTests;
			sourceTree = "<group>";
		};
		AC8795A92B758A2E00F68707 /* BitsoChallengeUITests */ = {
			isa = PBXGroup;
			children = (
				AC8795AA2B758A2E00F68707 /* BitsoChallengeUITests.swift */,
				AC8795AC2B758A2E00F68707 /* BitsoChallengeUITestsLaunchTests.swift */,
			);
			path = BitsoChallengeUITests;
			sourceTree = "<group>";
		};
		AC8795B92B75941F00F68707 /* Artists */ = {
			isa = PBXGroup;
			children = (
				AC8795BF2B75943900F68707 /* ArtistsEntity.swift */,
				AC8795BA2B75943900F68707 /* ArtistsFactory.swift */,
				AC8795BB2B75943900F68707 /* ArtistsRouter.swift */,
				AC8795BD2B75943900F68707 /* ArtistsView.swift */,
				AC8795BE2B75943900F68707 /* ArtistsViewModel.swift */,
				AC8795BC2B75943900F68707 /* ArtistsViewModel+Dependencies.swift */,
			);
			path = Artists;
			sourceTree = "<group>";
		};
		AC8795C82B75A03A00F68707 /* Domain */ = {
			isa = PBXGroup;
			children = (
				AC8795C92B75A04200F68707 /* Entities */,
			);
			path = Domain;
			sourceTree = "<group>";
		};
		AC8795C92B75A04200F68707 /* Entities */ = {
			isa = PBXGroup;
			children = (
				AC8795CA2B75A05800F68707 /* Artist.swift */,
				AC8795FA2B7AA04F00F68707 /* ArtistDetail.swift */,
			);
			path = Entities;
			sourceTree = "<group>";
		};
		AC8795CC2B75A0D100F68707 /* Data */ = {
			isa = PBXGroup;
			children = (
				AC8795D52B75AE9D00F68707 /* Remote */,
				AC8795CF2B75ABB300F68707 /* DataSources */,
			);
			path = Data;
			sourceTree = "<group>";
		};
		AC8795CD2B75A0DA00F68707 /* Features */ = {
			isa = PBXGroup;
			children = (
				AC8795B92B75941F00F68707 /* Artists */,
			);
			path = Features;
			sourceTree = "<group>";
		};
		AC8795CF2B75ABB300F68707 /* DataSources */ = {
			isa = PBXGroup;
			children = (
				AC8795D12B75AC1F00F68707 /* NetworkingDataSourceType.swift */,
			);
			path = DataSources;
			sourceTree = "<group>";
		};
		AC8795D52B75AE9D00F68707 /* Remote */ = {
			isa = PBXGroup;
			children = (
				AC8795F62B7A9C7C00F68707 /* ArtistApi.swift */,
				AC8795D62B75AEB900F68707 /* ArtistEndpoint.swift */,
				AC8795DB2B75B0B800F68707 /* ArtistRequestModel.swift */,
				AC8795F42B7A942E00F68707 /* ArtistResponseModel.swift */,
				AC8795F82B7A9F1400F68707 /* ArtistResponseModel+Mapper.swift */,
				AC8795D82B75AF5700F68707 /* Config */,
			);
			path = Remote;
			sourceTree = "<group>";
		};
		AC8795D82B75AF5700F68707 /* Config */ = {
			isa = PBXGroup;
			children = (
				AC8795DD2B75B2EE00F68707 /* ApiConstants.swift */,
				AC8795DF2B75B49500F68707 /* NetworkError.swift */,
				AC8795E12B75B6B800F68707 /* NetworkingService.swift */,
				AC8795E32B75B6DF00F68707 /* NetworkTargetType.swift */,
			);
			path = Config;
			sourceTree = "<group>";
		};
/* End PBXGroup section */

/* Begin PBXNativeTarget section */
		AC8795892B758A2C00F68707 /* BitsoChallenge */ = {
			isa = PBXNativeTarget;
			buildConfigurationList = AC8795B02B758A2E00F68707 /* Build configuration list for PBXNativeTarget "BitsoChallenge" */;
			buildPhases = (
				AC8795862B758A2C00F68707 /* Sources */,
				AC8795872B758A2C00F68707 /* Frameworks */,
				AC8795882B758A2C00F68707 /* Resources */,
			);
			buildRules = (
			);
			dependencies = (
			);
			name = BitsoChallenge;
			productName = BitsoChallenge;
			productReference = AC87958A2B758A2C00F68707 /* BitsoChallenge.app */;
			productType = "com.apple.product-type.application";
		};
		AC87959B2B758A2E00F68707 /* BitsoChallengeTests */ = {
			isa = PBXNativeTarget;
			buildConfigurationList = AC8795B32B758A2E00F68707 /* Build configuration list for PBXNativeTarget "BitsoChallengeTests" */;
			buildPhases = (
				AC8795982B758A2E00F68707 /* Sources */,
				AC8795992B758A2E00F68707 /* Frameworks */,
				AC87959A2B758A2E00F68707 /* Resources */,
			);
			buildRules = (
			);
			dependencies = (
				AC87959E2B758A2E00F68707 /* PBXTargetDependency */,
			);
			name = BitsoChallengeTests;
			productName = BitsoChallengeTests;
			productReference = AC87959C2B758A2E00F68707 /* BitsoChallengeTests.xctest */;
			productType = "com.apple.product-type.bundle.unit-test";
		};
		AC8795A52B758A2E00F68707 /* BitsoChallengeUITests */ = {
			isa = PBXNativeTarget;
			buildConfigurationList = AC8795B62B758A2E00F68707 /* Build configuration list for PBXNativeTarget "BitsoChallengeUITests" */;
			buildPhases = (
				AC8795A22B758A2E00F68707 /* Sources */,
				AC8795A32B758A2E00F68707 /* Frameworks */,
				AC8795A42B758A2E00F68707 /* Resources */,
			);
			buildRules = (
			);
			dependencies = (
				AC8795A82B758A2E00F68707 /* PBXTargetDependency */,
			);
			name = BitsoChallengeUITests;
			productName = BitsoChallengeUITests;
			productReference = AC8795A62B758A2E00F68707 /* BitsoChallengeUITests.xctest */;
			productType = "com.apple.product-type.bundle.ui-testing";
		};
/* End PBXNativeTarget section */

/* Begin PBXProject section */
		AC8795822B758A2C00F68707 /* Project object */ = {
			isa = PBXProject;
			attributes = {
				BuildIndependentTargetsInParallel = 1;
				LastSwiftUpdateCheck = 1520;
				LastUpgradeCheck = 1520;
				TargetAttributes = {
					AC8795892B758A2C00F68707 = {
						CreatedOnToolsVersion = 15.2;
					};
					AC87959B2B758A2E00F68707 = {
						CreatedOnToolsVersion = 15.2;
						TestTargetID = AC8795892B758A2C00F68707;
					};
					AC8795A52B758A2E00F68707 = {
						CreatedOnToolsVersion = 15.2;
						TestTargetID = AC8795892B758A2C00F68707;
					};
				};
			};
			buildConfigurationList = AC8795852B758A2C00F68707 /* Build configuration list for PBXProject "BitsoChallenge" */;
			compatibilityVersion = "Xcode 14.0";
			developmentRegion = en;
			hasScannedForEncodings = 0;
			knownRegions = (
				en,
				Base,
			);
			mainGroup = AC8795812B758A2C00F68707;
			productRefGroup = AC87958B2B758A2C00F68707 /* Products */;
			projectDirPath = "";
			projectRoot = "";
			targets = (
				AC8795892B758A2C00F68707 /* BitsoChallenge */,
				AC87959B2B758A2E00F68707 /* BitsoChallengeTests */,
				AC8795A52B758A2E00F68707 /* BitsoChallengeUITests */,
			);
		};
/* End PBXProject section */

/* Begin PBXResourcesBuildPhase section */
		AC8795882B758A2C00F68707 /* Resources */ = {
			isa = PBXResourcesBuildPhase;
			buildActionMask = 2147483647;
			files = (
				AC8795972B758A2E00F68707 /* Preview Assets.xcassets in Resources */,
				AC8795942B758A2E00F68707 /* Assets.xcassets in Resources */,
			);
			runOnlyForDeploymentPostprocessing = 0;
		};
		AC87959A2B758A2E00F68707 /* Resources */ = {
			isa = PBXResourcesBuildPhase;
			buildActionMask = 2147483647;
			files = (
			);
			runOnlyForDeploymentPostprocessing = 0;
		};
		AC8795A42B758A2E00F68707 /* Resources */ = {
			isa = PBXResourcesBuildPhase;
			buildActionMask = 2147483647;
			files = (
			);
			runOnlyForDeploymentPostprocessing = 0;
		};
/* End PBXResourcesBuildPhase section */

/* Begin PBXSourcesBuildPhase section */
		AC8795862B758A2C00F68707 /* Sources */ = {
			isa = PBXSourcesBuildPhase;
			buildActionMask = 2147483647;
			files = (
				AC8795E22B75B6B800F68707 /* NetworkingService.swift in Sources */,
				AC8795C32B75943900F68707 /* ArtistsViewModel+Dependencies.swift in Sources */,
				AC8795F92B7A9F1400F68707 /* ArtistResponseModel+Mapper.swift in Sources */,
				AC8795E02B75B49500F68707 /* NetworkError.swift in Sources */,
				AC8795DE2B75B2EE00F68707 /* ApiConstants.swift in Sources */,
				AC8795C22B75943900F68707 /* ArtistsRouter.swift in Sources */,
				AC8795E42B75B6DF00F68707 /* NetworkTargetType.swift in Sources */,
				AC8795C42B75943900F68707 /* ArtistsView.swift in Sources */,
				AC8795D72B75AEB900F68707 /* ArtistEndpoint.swift in Sources */,
				AC8795C12B75943900F68707 /* ArtistsFactory.swift in Sources */,
				AC8795C62B75943900F68707 /* ArtistsEntity.swift in Sources */,
				AC87958E2B758A2C00F68707 /* BitsoChallengeApp.swift in Sources */,
				AC8795FB2B7AA04F00F68707 /* ArtistDetail.swift in Sources */,
				AC8795DC2B75B0B800F68707 /* ArtistRequestModel.swift in Sources */,
				AC8795CB2B75A05800F68707 /* Artist.swift in Sources */,
				AC8795F52B7A942E00F68707 /* ArtistResponseModel.swift in Sources */,
				AC8795F72B7A9C7C00F68707 /* ArtistApi.swift in Sources */,
				AC8795D22B75AC1F00F68707 /* NetworkingDataSourceType.swift in Sources */,
				AC8795C52B75943900F68707 /* ArtistsViewModel.swift in Sources */,
			);
			runOnlyForDeploymentPostprocessing = 0;
		};
		AC8795982B758A2E00F68707 /* Sources */ = {
			isa = PBXSourcesBuildPhase;
			buildActionMask = 2147483647;
			files = (
				AC8795A12B758A2E00F68707 /* BitsoChallengeTests.swift in Sources */,
			);
			runOnlyForDeploymentPostprocessing = 0;
		};
		AC8795A22B758A2E00F68707 /* Sources */ = {
			isa = PBXSourcesBuildPhase;
			buildActionMask = 2147483647;
			files = (
				AC8795AD2B758A2E00F68707 /* BitsoChallengeUITestsLaunchTests.swift in Sources */,
				AC8795AB2B758A2E00F68707 /* BitsoChallengeUITests.swift in Sources */,
			);
			runOnlyForDeploymentPostprocessing = 0;
		};
/* End PBXSourcesBuildPhase section */

/* Begin PBXTargetDependency section */
		AC87959E2B758A2E00F68707 /* PBXTargetDependency */ = {
			isa = PBXTargetDependency;
			target = AC8795892B758A2C00F68707 /* BitsoChallenge */;
			targetProxy = AC87959D2B758A2E00F68707 /* PBXContainerItemProxy */;
		};
		AC8795A82B758A2E00F68707 /* PBXTargetDependency */ = {
			isa = PBXTargetDependency;
			target = AC8795892B758A2C00F68707 /* BitsoChallenge */;
			targetProxy = AC8795A72B758A2E00F68707 /* PBXContainerItemProxy */;
		};
/* End PBXTargetDependency section */

/* Begin XCBuildConfiguration section */
		AC8795AE2B758A2E00F68707 /* Debug */ = {
			isa = XCBuildConfiguration;
			buildSettings = {
				ALWAYS_SEARCH_USER_PATHS = NO;
				ASSETCATALOG_COMPILER_GENERATE_SWIFT_ASSET_SYMBOL_EXTENSIONS = YES;
				CLANG_ANALYZER_NONNULL = YES;
				CLANG_ANALYZER_NUMBER_OBJECT_CONVERSION = YES_AGGRESSIVE;
				CLANG_CXX_LANGUAGE_STANDARD = "gnu++20";
				CLANG_ENABLE_MODULES = YES;
				CLANG_ENABLE_OBJC_ARC = YES;
				CLANG_ENABLE_OBJC_WEAK = YES;
				CLANG_WARN_BLOCK_CAPTURE_AUTORELEASING = YES;
				CLANG_WARN_BOOL_CONVERSION = YES;
				CLANG_WARN_COMMA = YES;
				CLANG_WARN_CONSTANT_CONVERSION = YES;
				CLANG_WARN_DEPRECATED_OBJC_IMPLEMENTATIONS = YES;
				CLANG_WARN_DIRECT_OBJC_ISA_USAGE = YES_ERROR;
				CLANG_WARN_DOCUMENTATION_COMMENTS = YES;
				CLANG_WARN_EMPTY_BODY = YES;
				CLANG_WARN_ENUM_CONVERSION = YES;
				CLANG_WARN_INFINITE_RECURSION = YES;
				CLANG_WARN_INT_CONVERSION = YES;
				CLANG_WARN_NON_LITERAL_NULL_CONVERSION = YES;
				CLANG_WARN_OBJC_IMPLICIT_RETAIN_SELF = YES;
				CLANG_WARN_OBJC_LITERAL_CONVERSION = YES;
				CLANG_WARN_OBJC_ROOT_CLASS = YES_ERROR;
				CLANG_WARN_QUOTED_INCLUDE_IN_FRAMEWORK_HEADER = YES;
				CLANG_WARN_RANGE_LOOP_ANALYSIS = YES;
				CLANG_WARN_STRICT_PROTOTYPES = YES;
				CLANG_WARN_SUSPICIOUS_MOVE = YES;
				CLANG_WARN_UNGUARDED_AVAILABILITY = YES_AGGRESSIVE;
				CLANG_WARN_UNREACHABLE_CODE = YES;
				CLANG_WARN__DUPLICATE_METHOD_MATCH = YES;
				COPY_PHASE_STRIP = NO;
				DEBUG_INFORMATION_FORMAT = dwarf;
				ENABLE_STRICT_OBJC_MSGSEND = YES;
				ENABLE_TESTABILITY = YES;
				ENABLE_USER_SCRIPT_SANDBOXING = YES;
				GCC_C_LANGUAGE_STANDARD = gnu17;
				GCC_DYNAMIC_NO_PIC = NO;
				GCC_NO_COMMON_BLOCKS = YES;
				GCC_OPTIMIZATION_LEVEL = 0;
				GCC_PREPROCESSOR_DEFINITIONS = (
					"DEBUG=1",
					"$(inherited)",
				);
				GCC_WARN_64_TO_32_BIT_CONVERSION = YES;
				GCC_WARN_ABOUT_RETURN_TYPE = YES_ERROR;
				GCC_WARN_UNDECLARED_SELECTOR = YES;
				GCC_WARN_UNINITIALIZED_AUTOS = YES_AGGRESSIVE;
				GCC_WARN_UNUSED_FUNCTION = YES;
				GCC_WARN_UNUSED_VARIABLE = YES;
				IPHONEOS_DEPLOYMENT_TARGET = 17.2;
				LOCALIZATION_PREFERS_STRING_CATALOGS = YES;
				MTL_ENABLE_DEBUG_INFO = INCLUDE_SOURCE;
				MTL_FAST_MATH = YES;
				ONLY_ACTIVE_ARCH = YES;
				SDKROOT = iphoneos;
				SWIFT_ACTIVE_COMPILATION_CONDITIONS = "DEBUG $(inherited)";
				SWIFT_OPTIMIZATION_LEVEL = "-Onone";
			};
			name = Debug;
		};
		AC8795AF2B758A2E00F68707 /* Release */ = {
			isa = XCBuildConfiguration;
			buildSettings = {
				ALWAYS_SEARCH_USER_PATHS = NO;
				ASSETCATALOG_COMPILER_GENERATE_SWIFT_ASSET_SYMBOL_EXTENSIONS = YES;
				CLANG_ANALYZER_NONNULL = YES;
				CLANG_ANALYZER_NUMBER_OBJECT_CONVERSION = YES_AGGRESSIVE;
				CLANG_CXX_LANGUAGE_STANDARD = "gnu++20";
				CLANG_ENABLE_MODULES = YES;
				CLANG_ENABLE_OBJC_ARC = YES;
				CLANG_ENABLE_OBJC_WEAK = YES;
				CLANG_WARN_BLOCK_CAPTURE_AUTORELEASING = YES;
				CLANG_WARN_BOOL_CONVERSION = YES;
				CLANG_WARN_COMMA = YES;
				CLANG_WARN_CONSTANT_CONVERSION = YES;
				CLANG_WARN_DEPRECATED_OBJC_IMPLEMENTATIONS = YES;
				CLANG_WARN_DIRECT_OBJC_ISA_USAGE = YES_ERROR;
				CLANG_WARN_DOCUMENTATION_COMMENTS = YES;
				CLANG_WARN_EMPTY_BODY = YES;
				CLANG_WARN_ENUM_CONVERSION = YES;
				CLANG_WARN_INFINITE_RECURSION = YES;
				CLANG_WARN_INT_CONVERSION = YES;
				CLANG_WARN_NON_LITERAL_NULL_CONVERSION = YES;
				CLANG_WARN_OBJC_IMPLICIT_RETAIN_SELF = YES;
				CLANG_WARN_OBJC_LITERAL_CONVERSION = YES;
				CLANG_WARN_OBJC_ROOT_CLASS = YES_ERROR;
				CLANG_WARN_QUOTED_INCLUDE_IN_FRAMEWORK_HEADER = YES;
				CLANG_WARN_RANGE_LOOP_ANALYSIS = YES;
				CLANG_WARN_STRICT_PROTOTYPES = YES;
				CLANG_WARN_SUSPICIOUS_MOVE = YES;
				CLANG_WARN_UNGUARDED_AVAILABILITY = YES_AGGRESSIVE;
				CLANG_WARN_UNREACHABLE_CODE = YES;
				CLANG_WARN__DUPLICATE_METHOD_MATCH = YES;
				COPY_PHASE_STRIP = NO;
				DEBUG_INFORMATION_FORMAT = "dwarf-with-dsym";
				ENABLE_NS_ASSERTIONS = NO;
				ENABLE_STRICT_OBJC_MSGSEND = YES;
				ENABLE_USER_SCRIPT_SANDBOXING = YES;
				GCC_C_LANGUAGE_STANDARD = gnu17;
				GCC_NO_COMMON_BLOCKS = YES;
				GCC_WARN_64_TO_32_BIT_CONVERSION = YES;
				GCC_WARN_ABOUT_RETURN_TYPE = YES_ERROR;
				GCC_WARN_UNDECLARED_SELECTOR = YES;
				GCC_WARN_UNINITIALIZED_AUTOS = YES_AGGRESSIVE;
				GCC_WARN_UNUSED_FUNCTION = YES;
				GCC_WARN_UNUSED_VARIABLE = YES;
				IPHONEOS_DEPLOYMENT_TARGET = 17.2;
				LOCALIZATION_PREFERS_STRING_CATALOGS = YES;
				MTL_ENABLE_DEBUG_INFO = NO;
				MTL_FAST_MATH = YES;
				SDKROOT = iphoneos;
				SWIFT_COMPILATION_MODE = wholemodule;
				VALIDATE_PRODUCT = YES;
			};
			name = Release;
		};
		AC8795B12B758A2E00F68707 /* Debug */ = {
			isa = XCBuildConfiguration;
			buildSettings = {
				ASSETCATALOG_COMPILER_APPICON_NAME = AppIcon;
				ASSETCATALOG_COMPILER_GLOBAL_ACCENT_COLOR_NAME = AccentColor;
				CODE_SIGN_STYLE = Automatic;
				CURRENT_PROJECT_VERSION = 1;
				DEVELOPMENT_ASSET_PATHS = "\"BitsoChallenge/Preview Content\"";
				DEVELOPMENT_TEAM = T94L48M7HD;
				ENABLE_PREVIEWS = YES;
				GENERATE_INFOPLIST_FILE = YES;
				INFOPLIST_KEY_UIApplicationSceneManifest_Generation = YES;
				INFOPLIST_KEY_UIApplicationSupportsIndirectInputEvents = YES;
				INFOPLIST_KEY_UILaunchScreen_Generation = YES;
				INFOPLIST_KEY_UISupportedInterfaceOrientations_iPad = "UIInterfaceOrientationPortrait UIInterfaceOrientationPortraitUpsideDown UIInterfaceOrientationLandscapeLeft UIInterfaceOrientationLandscapeRight";
				INFOPLIST_KEY_UISupportedInterfaceOrientations_iPhone = "UIInterfaceOrientationPortrait UIInterfaceOrientationLandscapeLeft UIInterfaceOrientationLandscapeRight";
				LD_RUNPATH_SEARCH_PATHS = (
					"$(inherited)",
					"@executable_path/Frameworks",
				);
				MARKETING_VERSION = 1.0;
				PRODUCT_BUNDLE_IDENTIFIER = com.lfbr.BitsoChallenge;
				PRODUCT_NAME = "$(TARGET_NAME)";
				SWIFT_EMIT_LOC_STRINGS = YES;
				SWIFT_VERSION = 5.0;
				TARGETED_DEVICE_FAMILY = "1,2";
			};
			name = Debug;
		};
		AC8795B22B758A2E00F68707 /* Release */ = {
			isa = XCBuildConfiguration;
			buildSettings = {
				ASSETCATALOG_COMPILER_APPICON_NAME = AppIcon;
				ASSETCATALOG_COMPILER_GLOBAL_ACCENT_COLOR_NAME = AccentColor;
				CODE_SIGN_STYLE = Automatic;
				CURRENT_PROJECT_VERSION = 1;
				DEVELOPMENT_ASSET_PATHS = "\"BitsoChallenge/Preview Content\"";
				DEVELOPMENT_TEAM = T94L48M7HD;
				ENABLE_PREVIEWS = YES;
				GENERATE_INFOPLIST_FILE = YES;
				INFOPLIST_KEY_UIApplicationSceneManifest_Generation = YES;
				INFOPLIST_KEY_UIApplicationSupportsIndirectInputEvents = YES;
				INFOPLIST_KEY_UILaunchScreen_Generation = YES;
				INFOPLIST_KEY_UISupportedInterfaceOrientations_iPad = "UIInterfaceOrientationPortrait UIInterfaceOrientationPortraitUpsideDown UIInterfaceOrientationLandscapeLeft UIInterfaceOrientationLandscapeRight";
				INFOPLIST_KEY_UISupportedInterfaceOrientations_iPhone = "UIInterfaceOrientationPortrait UIInterfaceOrientationLandscapeLeft UIInterfaceOrientationLandscapeRight";
				LD_RUNPATH_SEARCH_PATHS = (
					"$(inherited)",
					"@executable_path/Frameworks",
				);
				MARKETING_VERSION = 1.0;
				PRODUCT_BUNDLE_IDENTIFIER = com.lfbr.BitsoChallenge;
				PRODUCT_NAME = "$(TARGET_NAME)";
				SWIFT_EMIT_LOC_STRINGS = YES;
				SWIFT_VERSION = 5.0;
				TARGETED_DEVICE_FAMILY = "1,2";
			};
			name = Release;
		};
		AC8795B42B758A2E00F68707 /* Debug */ = {
			isa = XCBuildConfiguration;
			buildSettings = {
				ALWAYS_EMBED_SWIFT_STANDARD_LIBRARIES = YES;
				BUNDLE_LOADER = "$(TEST_HOST)";
				CODE_SIGN_STYLE = Automatic;
				CURRENT_PROJECT_VERSION = 1;
				DEVELOPMENT_TEAM = T94L48M7HD;
				GENERATE_INFOPLIST_FILE = YES;
				IPHONEOS_DEPLOYMENT_TARGET = 17.2;
				MARKETING_VERSION = 1.0;
				PRODUCT_BUNDLE_IDENTIFIER = com.lfbr.BitsoChallengeTests;
				PRODUCT_NAME = "$(TARGET_NAME)";
				SWIFT_EMIT_LOC_STRINGS = NO;
				SWIFT_VERSION = 5.0;
				TARGETED_DEVICE_FAMILY = "1,2";
				TEST_HOST = "$(BUILT_PRODUCTS_DIR)/BitsoChallenge.app/$(BUNDLE_EXECUTABLE_FOLDER_PATH)/BitsoChallenge";
			};
			name = Debug;
		};
		AC8795B52B758A2E00F68707 /* Release */ = {
			isa = XCBuildConfiguration;
			buildSettings = {
				ALWAYS_EMBED_SWIFT_STANDARD_LIBRARIES = YES;
				BUNDLE_LOADER = "$(TEST_HOST)";
				CODE_SIGN_STYLE = Automatic;
				CURRENT_PROJECT_VERSION = 1;
				DEVELOPMENT_TEAM = T94L48M7HD;
				GENERATE_INFOPLIST_FILE = YES;
				IPHONEOS_DEPLOYMENT_TARGET = 17.2;
				MARKETING_VERSION = 1.0;
				PRODUCT_BUNDLE_IDENTIFIER = com.lfbr.BitsoChallengeTests;
				PRODUCT_NAME = "$(TARGET_NAME)";
				SWIFT_EMIT_LOC_STRINGS = NO;
				SWIFT_VERSION = 5.0;
				TARGETED_DEVICE_FAMILY = "1,2";
				TEST_HOST = "$(BUILT_PRODUCTS_DIR)/BitsoChallenge.app/$(BUNDLE_EXECUTABLE_FOLDER_PATH)/BitsoChallenge";
			};
			name = Release;
		};
		AC8795B72B758A2E00F68707 /* Debug */ = {
			isa = XCBuildConfiguration;
			buildSettings = {
				ALWAYS_EMBED_SWIFT_STANDARD_LIBRARIES = YES;
				CODE_SIGN_STYLE = Automatic;
				CURRENT_PROJECT_VERSION = 1;
				DEVELOPMENT_TEAM = T94L48M7HD;
				GENERATE_INFOPLIST_FILE = YES;
				MARKETING_VERSION = 1.0;
				PRODUCT_BUNDLE_IDENTIFIER = com.lfbr.BitsoChallengeUITests;
				PRODUCT_NAME = "$(TARGET_NAME)";
				SWIFT_EMIT_LOC_STRINGS = NO;
				SWIFT_VERSION = 5.0;
				TARGETED_DEVICE_FAMILY = "1,2";
				TEST_TARGET_NAME = BitsoChallenge;
			};
			name = Debug;
		};
		AC8795B82B758A2E00F68707 /* Release */ = {
			isa = XCBuildConfiguration;
			buildSettings = {
				ALWAYS_EMBED_SWIFT_STANDARD_LIBRARIES = YES;
				CODE_SIGN_STYLE = Automatic;
				CURRENT_PROJECT_VERSION = 1;
				DEVELOPMENT_TEAM = T94L48M7HD;
				GENERATE_INFOPLIST_FILE = YES;
				MARKETING_VERSION = 1.0;
				PRODUCT_BUNDLE_IDENTIFIER = com.lfbr.BitsoChallengeUITests;
				PRODUCT_NAME = "$(TARGET_NAME)";
				SWIFT_EMIT_LOC_STRINGS = NO;
				SWIFT_VERSION = 5.0;
				TARGETED_DEVICE_FAMILY = "1,2";
				TEST_TARGET_NAME = BitsoChallenge;
			};
			name = Release;
		};
/* End XCBuildConfiguration section */

/* Begin XCConfigurationList section */
		AC8795852B758A2C00F68707 /* Build configuration list for PBXProject "BitsoChallenge" */ = {
			isa = XCConfigurationList;
			buildConfigurations = (
				AC8795AE2B758A2E00F68707 /* Debug */,
				AC8795AF2B758A2E00F68707 /* Release */,
			);
			defaultConfigurationIsVisible = 0;
			defaultConfigurationName = Release;
		};
		AC8795B02B758A2E00F68707 /* Build configuration list for PBXNativeTarget "BitsoChallenge" */ = {
			isa = XCConfigurationList;
			buildConfigurations = (
				AC8795B12B758A2E00F68707 /* Debug */,
				AC8795B22B758A2E00F68707 /* Release */,
			);
			defaultConfigurationIsVisible = 0;
			defaultConfigurationName = Release;
		};
		AC8795B32B758A2E00F68707 /* Build configuration list for PBXNativeTarget "BitsoChallengeTests" */ = {
			isa = XCConfigurationList;
			buildConfigurations = (
				AC8795B42B758A2E00F68707 /* Debug */,
				AC8795B52B758A2E00F68707 /* Release */,
			);
			defaultConfigurationIsVisible = 0;
			defaultConfigurationName = Release;
		};
		AC8795B62B758A2E00F68707 /* Build configuration list for PBXNativeTarget "BitsoChallengeUITests" */ = {
			isa = XCConfigurationList;
			buildConfigurations = (
				AC8795B72B758A2E00F68707 /* Debug */,
				AC8795B82B758A2E00F68707 /* Release */,
			);
			defaultConfigurationIsVisible = 0;
			defaultConfigurationName = Release;
		};
/* End XCConfigurationList section */
	};
	rootObject = AC8795822B758A2C00F68707 /* Project object */;
}
