// !$*UTF8*$!
{
	archiveVersion = 1;
	classes = {
	};
	objectVersion = 56;
	objects = {

/* Begin PBXBuildFile section */
		AC8796C72B7C2D2300F68707 /* iOSChallengeEntities.docc in Sources */ = {isa = PBXBuildFile; fileRef = AC8796C62B7C2D2300F68707 /* iOSChallengeEntities.docc */; };
		AC8796CD2B7C2D2300F68707 /* iOSChallengeEntities.framework in Frameworks */ = {isa = PBXBuildFile; fileRef = AC8796C22B7C2D2300F68707 /* iOSChallengeEntities.framework */; };
		AC8796D22B7C2D2300F68707 /* iOSChallengeEntitiesTests.swift in Sources */ = {isa = PBXBuildFile; fileRef = AC8796D12B7C2D2300F68707 /* iOSChallengeEntitiesTests.swift */; };
		AC8796D32B7C2D2300F68707 /* iOSChallengeEntities.h in Headers */ = {isa = PBXBuildFile; fileRef = AC8796C52B7C2D2300F68707 /* iOSChallengeEntities.h */; settings = {ATTRIBUTES = (Public, ); }; };
		AC8796DF2B7C2D3A00F68707 /* ArtworksList.swift in Sources */ = {isa = PBXBuildFile; fileRef = AC8796DC2B7C2D3A00F68707 /* ArtworksList.swift */; };
		AC8796E02B7C2D3A00F68707 /* Artist.swift in Sources */ = {isa = PBXBuildFile; fileRef = AC8796DE2B7C2D3A00F68707 /* Artist.swift */; };
		AC8796E12B7C2D3A00F68707 /* Artwork.swift in Sources */ = {isa = PBXBuildFile; fileRef = AC8796DD2B7C2D3A00F68707 /* Artwork.swift */; };
		ACC5F2FD2B8D2841008060DC /* ErrorDetail.swift in Sources */ = {isa = PBXBuildFile; fileRef = ACC5F2FC2B8D2841008060DC /* ErrorDetail.swift */; };
/* End PBXBuildFile section */

/* Begin PBXContainerItemProxy section */
		AC8796CE2B7C2D2300F68707 /* PBXContainerItemProxy */ = {
			isa = PBXContainerItemProxy;
			containerPortal = AC8796B92B7C2D2300F68707 /* Project object */;
			proxyType = 1;
			remoteGlobalIDString = AC8796C12B7C2D2300F68707;
			remoteInfo = BitsoChallengeEntities;
		};
/* End PBXContainerItemProxy section */

/* Begin PBXFileReference section */
		AC8796C22B7C2D2300F68707 /* iOSChallengeEntities.framework */ = {isa = PBXFileReference; explicitFileType = wrapper.framework; includeInIndex = 0; path = iOSChallengeEntities.framework; sourceTree = BUILT_PRODUCTS_DIR; };
		AC8796C52B7C2D2300F68707 /* iOSChallengeEntities.h */ = {isa = PBXFileReference; lastKnownFileType = sourcecode.c.h; path = iOSChallengeEntities.h; sourceTree = "<group>"; };
		AC8796C62B7C2D2300F68707 /* iOSChallengeEntities.docc */ = {isa = PBXFileReference; lastKnownFileType = folder.documentationcatalog; path = iOSChallengeEntities.docc; sourceTree = "<group>"; };
		AC8796CC2B7C2D2300F68707 /* iOSChallengeEntitiesTests.xctest */ = {isa = PBXFileReference; explicitFileType = wrapper.cfbundle; includeInIndex = 0; path = iOSChallengeEntitiesTests.xctest; sourceTree = BUILT_PRODUCTS_DIR; };
		AC8796D12B7C2D2300F68707 /* iOSChallengeEntitiesTests.swift */ = {isa = PBXFileReference; lastKnownFileType = sourcecode.swift; path = iOSChallengeEntitiesTests.swift; sourceTree = "<group>"; };
		AC8796DC2B7C2D3A00F68707 /* ArtworksList.swift */ = {isa = PBXFileReference; lastKnownFileType = sourcecode.swift; path = ArtworksList.swift; sourceTree = "<group>"; };
		AC8796DD2B7C2D3A00F68707 /* Artwork.swift */ = {isa = PBXFileReference; lastKnownFileType = sourcecode.swift; path = Artwork.swift; sourceTree = "<group>"; };
		AC8796DE2B7C2D3A00F68707 /* Artist.swift */ = {isa = PBXFileReference; lastKnownFileType = sourcecode.swift; path = Artist.swift; sourceTree = "<group>"; };
		ACC5F2FC2B8D2841008060DC /* ErrorDetail.swift */ = {isa = PBXFileReference; lastKnownFileType = sourcecode.swift; path = ErrorDetail.swift; sourceTree = "<group>"; };
/* End PBXFileReference section */

/* Begin PBXFrameworksBuildPhase section */
		AC8796BF2B7C2D2300F68707 /* Frameworks */ = {
			isa = PBXFrameworksBuildPhase;
			buildActionMask = 2147483647;
			files = (
			);
			runOnlyForDeploymentPostprocessing = 0;
		};
		AC8796C92B7C2D2300F68707 /* Frameworks */ = {
			isa = PBXFrameworksBuildPhase;
			buildActionMask = 2147483647;
			files = (
				AC8796CD2B7C2D2300F68707 /* iOSChallengeEntities.framework in Frameworks */,
			);
			runOnlyForDeploymentPostprocessing = 0;
		};
/* End PBXFrameworksBuildPhase section */

/* Begin PBXGroup section */
		AC8796B82B7C2D2300F68707 = {
			isa = PBXGroup;
			children = (
				AC8796C42B7C2D2300F68707 /* iOSChallengeEntities */,
				AC8796D02B7C2D2300F68707 /* iOSChallengeEntitiesTests */,
				AC8796C32B7C2D2300F68707 /* Products */,
			);
			sourceTree = "<group>";
		};
		AC8796C32B7C2D2300F68707 /* Products */ = {
			isa = PBXGroup;
			children = (
				AC8796C22B7C2D2300F68707 /* iOSChallengeEntities.framework */,
				AC8796CC2B7C2D2300F68707 /* iOSChallengeEntitiesTests.xctest */,
			);
			name = Products;
			sourceTree = "<group>";
		};
		AC8796C42B7C2D2300F68707 /* iOSChallengeEntities */ = {
			isa = PBXGroup;
			children = (
				AC8796DE2B7C2D3A00F68707 /* Artist.swift */,
				AC8796DD2B7C2D3A00F68707 /* Artwork.swift */,
				AC8796DC2B7C2D3A00F68707 /* ArtworksList.swift */,
				ACC5F2FC2B8D2841008060DC /* ErrorDetail.swift */,
				AC8796C52B7C2D2300F68707 /* iOSChallengeEntities.h */,
				AC8796C62B7C2D2300F68707 /* iOSChallengeEntities.docc */,
			);
			path = iOSChallengeEntities;
			sourceTree = "<group>";
		};
		AC8796D02B7C2D2300F68707 /* iOSChallengeEntitiesTests */ = {
			isa = PBXGroup;
			children = (
				AC8796D12B7C2D2300F68707 /* iOSChallengeEntitiesTests.swift */,
			);
			path = iOSChallengeEntitiesTests;
			sourceTree = "<group>";
		};
/* End PBXGroup section */

/* Begin PBXHeadersBuildPhase section */
		AC8796BD2B7C2D2300F68707 /* Headers */ = {
			isa = PBXHeadersBuildPhase;
			buildActionMask = 2147483647;
			files = (
				AC8796D32B7C2D2300F68707 /* iOSChallengeEntities.h in Headers */,
			);
			runOnlyForDeploymentPostprocessing = 0;
		};
/* End PBXHeadersBuildPhase section */

/* Begin PBXNativeTarget section */
		AC8796C12B7C2D2300F68707 /* iOSChallengeEntities */ = {
			isa = PBXNativeTarget;
			buildConfigurationList = AC8796D62B7C2D2300F68707 /* Build configuration list for PBXNativeTarget "iOSChallengeEntities" */;
			buildPhases = (
				AC8796BD2B7C2D2300F68707 /* Headers */,
				AC8796BE2B7C2D2300F68707 /* Sources */,
				AC8796BF2B7C2D2300F68707 /* Frameworks */,
				AC8796C02B7C2D2300F68707 /* Resources */,
			);
			buildRules = (
			);
			dependencies = (
			);
			name = iOSChallengeEntities;
			productName = BitsoChallengeEntities;
			productReference = AC8796C22B7C2D2300F68707 /* iOSChallengeEntities.framework */;
			productType = "com.apple.product-type.framework";
		};
		AC8796CB2B7C2D2300F68707 /* iOSChallengeEntitiesTests */ = {
			isa = PBXNativeTarget;
			buildConfigurationList = AC8796D92B7C2D2300F68707 /* Build configuration list for PBXNativeTarget "iOSChallengeEntitiesTests" */;
			buildPhases = (
				AC8796C82B7C2D2300F68707 /* Sources */,
				AC8796C92B7C2D2300F68707 /* Frameworks */,
				AC8796CA2B7C2D2300F68707 /* Resources */,
			);
			buildRules = (
			);
			dependencies = (
				AC8796CF2B7C2D2300F68707 /* PBXTargetDependency */,
			);
			name = iOSChallengeEntitiesTests;
			productName = BitsoChallengeEntitiesTests;
			productReference = AC8796CC2B7C2D2300F68707 /* iOSChallengeEntitiesTests.xctest */;
			productType = "com.apple.product-type.bundle.unit-test";
		};
/* End PBXNativeTarget section */

/* Begin PBXProject section */
		AC8796B92B7C2D2300F68707 /* Project object */ = {
			isa = PBXProject;
			attributes = {
				BuildIndependentTargetsInParallel = 1;
				LastSwiftUpdateCheck = 1520;
				LastUpgradeCheck = 1520;
				TargetAttributes = {
					AC8796C12B7C2D2300F68707 = {
						CreatedOnToolsVersion = 15.2;
					};
					AC8796CB2B7C2D2300F68707 = {
						CreatedOnToolsVersion = 15.2;
					};
				};
			};
			buildConfigurationList = AC8796BC2B7C2D2300F68707 /* Build configuration list for PBXProject "iOSChallengeEntities" */;
			compatibilityVersion = "Xcode 14.0";
			developmentRegion = en;
			hasScannedForEncodings = 0;
			knownRegions = (
				en,
				Base,
			);
			mainGroup = AC8796B82B7C2D2300F68707;
			productRefGroup = AC8796C32B7C2D2300F68707 /* Products */;
			projectDirPath = "";
			projectRoot = "";
			targets = (
				AC8796C12B7C2D2300F68707 /* iOSChallengeEntities */,
				AC8796CB2B7C2D2300F68707 /* iOSChallengeEntitiesTests */,
			);
		};
/* End PBXProject section */

/* Begin PBXResourcesBuildPhase section */
		AC8796C02B7C2D2300F68707 /* Resources */ = {
			isa = PBXResourcesBuildPhase;
			buildActionMask = 2147483647;
			files = (
			);
			runOnlyForDeploymentPostprocessing = 0;
		};
		AC8796CA2B7C2D2300F68707 /* Resources */ = {
			isa = PBXResourcesBuildPhase;
			buildActionMask = 2147483647;
			files = (
			);
			runOnlyForDeploymentPostprocessing = 0;
		};
/* End PBXResourcesBuildPhase section */

/* Begin PBXSourcesBuildPhase section */
		AC8796BE2B7C2D2300F68707 /* Sources */ = {
			isa = PBXSourcesBuildPhase;
			buildActionMask = 2147483647;
			files = (
				ACC5F2FD2B8D2841008060DC /* ErrorDetail.swift in Sources */,
				AC8796E02B7C2D3A00F68707 /* Artist.swift in Sources */,
				AC8796DF2B7C2D3A00F68707 /* ArtworksList.swift in Sources */,
				AC8796E12B7C2D3A00F68707 /* Artwork.swift in Sources */,
				AC8796C72B7C2D2300F68707 /* iOSChallengeEntities.docc in Sources */,
			);
			runOnlyForDeploymentPostprocessing = 0;
		};
		AC8796C82B7C2D2300F68707 /* Sources */ = {
			isa = PBXSourcesBuildPhase;
			buildActionMask = 2147483647;
			files = (
				AC8796D22B7C2D2300F68707 /* iOSChallengeEntitiesTests.swift in Sources */,
			);
			runOnlyForDeploymentPostprocessing = 0;
		};
/* End PBXSourcesBuildPhase section */

/* Begin PBXTargetDependency section */
		AC8796CF2B7C2D2300F68707 /* PBXTargetDependency */ = {
			isa = PBXTargetDependency;
			target = AC8796C12B7C2D2300F68707 /* iOSChallengeEntities */;
			targetProxy = AC8796CE2B7C2D2300F68707 /* PBXContainerItemProxy */;
		};
/* End PBXTargetDependency section */

/* Begin XCBuildConfiguration section */
		AC8796D42B7C2D2300F68707 /* Debug */ = {
			isa = XCBuildConfiguration;
			buildSettings = {
				ALWAYS_SEARCH_USER_PATHS = NO;
				ASSETCATALOG_COMPILER_GENERATE_SWIFT_ASSET_SYMBOL_EXTENSIONS = YES;
				CLANG_ANALYZER_NONNULL = YES;
				CLANG_ANALYZER_NUMBER_OBJECT_CONVERSION = YES_AGGRESSIVE;
				CLANG_CXX_LANGUAGE_STANDARD = "gnu++20";
				CLANG_ENABLE_MODULES = YES;
				CLANG_ENABLE_OBJC_ARC = YES;
				CLANG_ENABLE_OBJC_WEAK = YES;
				CLANG_WARN_BLOCK_CAPTURE_AUTORELEASING = YES;
				CLANG_WARN_BOOL_CONVERSION = YES;
				CLANG_WARN_COMMA = YES;
				CLANG_WARN_CONSTANT_CONVERSION = YES;
				CLANG_WARN_DEPRECATED_OBJC_IMPLEMENTATIONS = YES;
				CLANG_WARN_DIRECT_OBJC_ISA_USAGE = YES_ERROR;
				CLANG_WARN_DOCUMENTATION_COMMENTS = YES;
				CLANG_WARN_EMPTY_BODY = YES;
				CLANG_WARN_ENUM_CONVERSION = YES;
				CLANG_WARN_INFINITE_RECURSION = YES;
				CLANG_WARN_INT_CONVERSION = YES;
				CLANG_WARN_NON_LITERAL_NULL_CONVERSION = YES;
				CLANG_WARN_OBJC_IMPLICIT_RETAIN_SELF = YES;
				CLANG_WARN_OBJC_LITERAL_CONVERSION = YES;
				CLANG_WARN_OBJC_ROOT_CLASS = YES_ERROR;
				CLANG_WARN_QUOTED_INCLUDE_IN_FRAMEWORK_HEADER = YES;
				CLANG_WARN_RANGE_LOOP_ANALYSIS = YES;
				CLANG_WARN_STRICT_PROTOTYPES = YES;
				CLANG_WARN_SUSPICIOUS_MOVE = YES;
				CLANG_WARN_UNGUARDED_AVAILABILITY = YES_AGGRESSIVE;
				CLANG_WARN_UNREACHABLE_CODE = YES;
				CLANG_WARN__DUPLICATE_METHOD_MATCH = YES;
				COPY_PHASE_STRIP = NO;
				CURRENT_PROJECT_VERSION = 1;
				DEBUG_INFORMATION_FORMAT = dwarf;
				ENABLE_STRICT_OBJC_MSGSEND = YES;
				ENABLE_TESTABILITY = YES;
				ENABLE_USER_SCRIPT_SANDBOXING = YES;
				GCC_C_LANGUAGE_STANDARD = gnu17;
				GCC_DYNAMIC_NO_PIC = NO;
				GCC_NO_COMMON_BLOCKS = YES;
				GCC_OPTIMIZATION_LEVEL = 0;
				GCC_PREPROCESSOR_DEFINITIONS = (
					"DEBUG=1",
					"$(inherited)",
				);
				GCC_WARN_64_TO_32_BIT_CONVERSION = YES;
				GCC_WARN_ABOUT_RETURN_TYPE = YES_ERROR;
				GCC_WARN_UNDECLARED_SELECTOR = YES;
				GCC_WARN_UNINITIALIZED_AUTOS = YES_AGGRESSIVE;
				GCC_WARN_UNUSED_FUNCTION = YES;
				GCC_WARN_UNUSED_VARIABLE = YES;
				IPHONEOS_DEPLOYMENT_TARGET = 17.2;
				LOCALIZATION_PREFERS_STRING_CATALOGS = YES;
				MTL_ENABLE_DEBUG_INFO = INCLUDE_SOURCE;
				MTL_FAST_MATH = YES;
				ONLY_ACTIVE_ARCH = YES;
				SDKROOT = iphoneos;
				SWIFT_ACTIVE_COMPILATION_CONDITIONS = "DEBUG $(inherited)";
				SWIFT_OPTIMIZATION_LEVEL = "-Onone";
				VERSIONING_SYSTEM = "apple-generic";
				VERSION_INFO_PREFIX = "";
			};
			name = Debug;
		};
		AC8796D52B7C2D2300F68707 /* Release */ = {
			isa = XCBuildConfiguration;
			buildSettings = {
				ALWAYS_SEARCH_USER_PATHS = NO;
				ASSETCATALOG_COMPILER_GENERATE_SWIFT_ASSET_SYMBOL_EXTENSIONS = YES;
				CLANG_ANALYZER_NONNULL = YES;
				CLANG_ANALYZER_NUMBER_OBJECT_CONVERSION = YES_AGGRESSIVE;
				CLANG_CXX_LANGUAGE_STANDARD = "gnu++20";
				CLANG_ENABLE_MODULES = YES;
				CLANG_ENABLE_OBJC_ARC = YES;
				CLANG_ENABLE_OBJC_WEAK = YES;
				CLANG_WARN_BLOCK_CAPTURE_AUTORELEASING = YES;
				CLANG_WARN_BOOL_CONVERSION = YES;
				CLANG_WARN_COMMA = YES;
				CLANG_WARN_CONSTANT_CONVERSION = YES;
				CLANG_WARN_DEPRECATED_OBJC_IMPLEMENTATIONS = YES;
				CLANG_WARN_DIRECT_OBJC_ISA_USAGE = YES_ERROR;
				CLANG_WARN_DOCUMENTATION_COMMENTS = YES;
				CLANG_WARN_EMPTY_BODY = YES;
				CLANG_WARN_ENUM_CONVERSION = YES;
				CLANG_WARN_INFINITE_RECURSION = YES;
				CLANG_WARN_INT_CONVERSION = YES;
				CLANG_WARN_NON_LITERAL_NULL_CONVERSION = YES;
				CLANG_WARN_OBJC_IMPLICIT_RETAIN_SELF = YES;
				CLANG_WARN_OBJC_LITERAL_CONVERSION = YES;
				CLANG_WARN_OBJC_ROOT_CLASS = YES_ERROR;
				CLANG_WARN_QUOTED_INCLUDE_IN_FRAMEWORK_HEADER = YES;
				CLANG_WARN_RANGE_LOOP_ANALYSIS = YES;
				CLANG_WARN_STRICT_PROTOTYPES = YES;
				CLANG_WARN_SUSPICIOUS_MOVE = YES;
				CLANG_WARN_UNGUARDED_AVAILABILITY = YES_AGGRESSIVE;
				CLANG_WARN_UNREACHABLE_CODE = YES;
				CLANG_WARN__DUPLICATE_METHOD_MATCH = YES;
				COPY_PHASE_STRIP = NO;
				CURRENT_PROJECT_VERSION = 1;
				DEBUG_INFORMATION_FORMAT = "dwarf-with-dsym";
				ENABLE_NS_ASSERTIONS = NO;
				ENABLE_STRICT_OBJC_MSGSEND = YES;
				ENABLE_USER_SCRIPT_SANDBOXING = YES;
				GCC_C_LANGUAGE_STANDARD = gnu17;
				GCC_NO_COMMON_BLOCKS = YES;
				GCC_WARN_64_TO_32_BIT_CONVERSION = YES;
				GCC_WARN_ABOUT_RETURN_TYPE = YES_ERROR;
				GCC_WARN_UNDECLARED_SELECTOR = YES;
				GCC_WARN_UNINITIALIZED_AUTOS = YES_AGGRESSIVE;
				GCC_WARN_UNUSED_FUNCTION = YES;
				GCC_WARN_UNUSED_VARIABLE = YES;
				IPHONEOS_DEPLOYMENT_TARGET = 17.2;
				LOCALIZATION_PREFERS_STRING_CATALOGS = YES;
				MTL_ENABLE_DEBUG_INFO = NO;
				MTL_FAST_MATH = YES;
				SDKROOT = iphoneos;
				SWIFT_COMPILATION_MODE = wholemodule;
				VALIDATE_PRODUCT = YES;
				VERSIONING_SYSTEM = "apple-generic";
				VERSION_INFO_PREFIX = "";
			};
			name = Release;
		};
		AC8796D72B7C2D2300F68707 /* Debug */ = {
			isa = XCBuildConfiguration;
			buildSettings = {
				CODE_SIGN_STYLE = Automatic;
				CURRENT_PROJECT_VERSION = 1;
				DEFINES_MODULE = YES;
				DEVELOPMENT_TEAM = T94L48M7HD;
				DYLIB_COMPATIBILITY_VERSION = 1;
				DYLIB_CURRENT_VERSION = 1;
				DYLIB_INSTALL_NAME_BASE = "@rpath";
				ENABLE_MODULE_VERIFIER = YES;
				GENERATE_INFOPLIST_FILE = YES;
				INFOPLIST_KEY_NSHumanReadableCopyright = "";
				INSTALL_PATH = "$(LOCAL_LIBRARY_DIR)/Frameworks";
				IPHONEOS_DEPLOYMENT_TARGET = 17.0;
				LD_RUNPATH_SEARCH_PATHS = (
					"$(inherited)",
					"@executable_path/Frameworks",
					"@loader_path/Frameworks",
				);
				MARKETING_VERSION = 1.0;
				MODULE_VERIFIER_SUPPORTED_LANGUAGES = "objective-c objective-c++";
				MODULE_VERIFIER_SUPPORTED_LANGUAGE_STANDARDS = "gnu17 gnu++20";
				PRODUCT_BUNDLE_IDENTIFIER = com.lfbr.iOSChallengeEntities;
				PRODUCT_NAME = "$(TARGET_NAME:c99extidentifier)";
				SKIP_INSTALL = YES;
				SWIFT_EMIT_LOC_STRINGS = YES;
				SWIFT_VERSION = 5.0;
				TARGETED_DEVICE_FAMILY = "1,2";
			};
			name = Debug;
		};
		AC8796D82B7C2D2300F68707 /* Release */ = {
			isa = XCBuildConfiguration;
			buildSettings = {
				CODE_SIGN_STYLE = Automatic;
				CURRENT_PROJECT_VERSION = 1;
				DEFINES_MODULE = YES;
				DEVELOPMENT_TEAM = T94L48M7HD;
				DYLIB_COMPATIBILITY_VERSION = 1;
				DYLIB_CURRENT_VERSION = 1;
				DYLIB_INSTALL_NAME_BASE = "@rpath";
				ENABLE_MODULE_VERIFIER = YES;
				GENERATE_INFOPLIST_FILE = YES;
				INFOPLIST_KEY_NSHumanReadableCopyright = "";
				INSTALL_PATH = "$(LOCAL_LIBRARY_DIR)/Frameworks";
				IPHONEOS_DEPLOYMENT_TARGET = 17.0;
				LD_RUNPATH_SEARCH_PATHS = (
					"$(inherited)",
					"@executable_path/Frameworks",
					"@loader_path/Frameworks",
				);
				MARKETING_VERSION = 1.0;
				MODULE_VERIFIER_SUPPORTED_LANGUAGES = "objective-c objective-c++";
				MODULE_VERIFIER_SUPPORTED_LANGUAGE_STANDARDS = "gnu17 gnu++20";
				PRODUCT_BUNDLE_IDENTIFIER = com.lfbr.iOSChallengeEntities;
				PRODUCT_NAME = "$(TARGET_NAME:c99extidentifier)";
				SKIP_INSTALL = YES;
				SWIFT_EMIT_LOC_STRINGS = YES;
				SWIFT_VERSION = 5.0;
				TARGETED_DEVICE_FAMILY = "1,2";
			};
			name = Release;
		};
		AC8796DA2B7C2D2300F68707 /* Debug */ = {
			isa = XCBuildConfiguration;
			buildSettings = {
				ALWAYS_EMBED_SWIFT_STANDARD_LIBRARIES = YES;
				CODE_SIGN_STYLE = Automatic;
				CURRENT_PROJECT_VERSION = 1;
				DEVELOPMENT_TEAM = T94L48M7HD;
				GENERATE_INFOPLIST_FILE = YES;
				IPHONEOS_DEPLOYMENT_TARGET = 17.0;
				MARKETING_VERSION = 1.0;
				PRODUCT_BUNDLE_IDENTIFIER = com.lfbr.iOSChallengeEntitiesTests;
				PRODUCT_NAME = "$(TARGET_NAME)";
				SWIFT_EMIT_LOC_STRINGS = NO;
				SWIFT_VERSION = 5.0;
				TARGETED_DEVICE_FAMILY = "1,2";
			};
			name = Debug;
		};
		AC8796DB2B7C2D2300F68707 /* Release */ = {
			isa = XCBuildConfiguration;
			buildSettings = {
				ALWAYS_EMBED_SWIFT_STANDARD_LIBRARIES = YES;
				CODE_SIGN_STYLE = Automatic;
				CURRENT_PROJECT_VERSION = 1;
				DEVELOPMENT_TEAM = T94L48M7HD;
				GENERATE_INFOPLIST_FILE = YES;
				IPHONEOS_DEPLOYMENT_TARGET = 17.0;
				MARKETING_VERSION = 1.0;
				PRODUCT_BUNDLE_IDENTIFIER = com.lfbr.iOSChallengeEntitiesTests;
				PRODUCT_NAME = "$(TARGET_NAME)";
				SWIFT_EMIT_LOC_STRINGS = NO;
				SWIFT_VERSION = 5.0;
				TARGETED_DEVICE_FAMILY = "1,2";
			};
			name = Release;
		};
/* End XCBuildConfiguration section */

/* Begin XCConfigurationList section */
		AC8796BC2B7C2D2300F68707 /* Build configuration list for PBXProject "iOSChallengeEntities" */ = {
			isa = XCConfigurationList;
			buildConfigurations = (
				AC8796D42B7C2D2300F68707 /* Debug */,
				AC8796D52B7C2D2300F68707 /* Release */,
			);
			defaultConfigurationIsVisible = 0;
			defaultConfigurationName = Release;
		};
		AC8796D62B7C2D2300F68707 /* Build configuration list for PBXNativeTarget "iOSChallengeEntities" */ = {
			isa = XCConfigurationList;
			buildConfigurations = (
				AC8796D72B7C2D2300F68707 /* Debug */,
				AC8796D82B7C2D2300F68707 /* Release */,
			);
			defaultConfigurationIsVisible = 0;
			defaultConfigurationName = Release;
		};
		AC8796D92B7C2D2300F68707 /* Build configuration list for PBXNativeTarget "iOSChallengeEntitiesTests" */ = {
			isa = XCConfigurationList;
			buildConfigurations = (
				AC8796DA2B7C2D2300F68707 /* Debug */,
				AC8796DB2B7C2D2300F68707 /* Release */,
			);
			defaultConfigurationIsVisible = 0;
			defaultConfigurationName = Release;
		};
/* End XCConfigurationList section */
	};
	rootObject = AC8796B92B7C2D2300F68707 /* Project object */;
}
